// !$*UTF8*$!
{
	archiveVersion = 1;
	classes = {
	};
	objectVersion = 46;
	objects = {

/* Begin PBXBuildFile section */
		BA1261741FCC6E730044E9A8 /* BinaryTreeInorderTraversal.swift in Sources */ = {isa = PBXBuildFile; fileRef = BA1261731FCC6E730044E9A8 /* BinaryTreeInorderTraversal.swift */; };
		BA1261761FCC70080044E9A8 /* BinaryTreeInorderTraversalTests.swift in Sources */ = {isa = PBXBuildFile; fileRef = BA1261751FCC70080044E9A8 /* BinaryTreeInorderTraversalTests.swift */; };
		BA13C7A61FD6789600EC7943 /* PermutationsII.swift in Sources */ = {isa = PBXBuildFile; fileRef = BA13C7A51FD6789600EC7943 /* PermutationsII.swift */; };
		BA13C7A81FD678A300EC7943 /* PermutationsIITests.swift in Sources */ = {isa = PBXBuildFile; fileRef = BA13C7A71FD678A300EC7943 /* PermutationsIITests.swift */; };
		BA1780231FCFFE24004293A6 /* ZigZagConversion.swift in Sources */ = {isa = PBXBuildFile; fileRef = BA1780221FCFFE24004293A6 /* ZigZagConversion.swift */; };
		BA1780251FCFFE2F004293A6 /* ZigZagConversionTests.swift in Sources */ = {isa = PBXBuildFile; fileRef = BA1780241FCFFE2F004293A6 /* ZigZagConversionTests.swift */; };
		BA1C945F203B1AC4004081C6 /* BinaryTreeLevelOrderTraversalII.swift in Sources */ = {isa = PBXBuildFile; fileRef = BA1C945E203B1AC4004081C6 /* BinaryTreeLevelOrderTraversalII.swift */; };
		BA1C9461203B1AE5004081C6 /* BinaryTreeLevelOrderTraversalIITests.swift in Sources */ = {isa = PBXBuildFile; fileRef = BA1C9460203B1AE5004081C6 /* BinaryTreeLevelOrderTraversalIITests.swift */; };
		BA1D2D9920355919009D67CD /* SymmetricTree.swift in Sources */ = {isa = PBXBuildFile; fileRef = BA1D2D9820355919009D67CD /* SymmetricTree.swift */; };
		BA1D2D9B20355926009D67CD /* SymmetricTreeTests.swift in Sources */ = {isa = PBXBuildFile; fileRef = BA1D2D9A20355926009D67CD /* SymmetricTreeTests.swift */; };
		BA1E2B7B2006184B006A35F0 /* DivideTwoIntegers.swift in Sources */ = {isa = PBXBuildFile; fileRef = BA1E2B7A2006184B006A35F0 /* DivideTwoIntegers.swift */; };
		BA1E2B7D20061854006A35F0 /* DivideTwoIntegersTests.swift in Sources */ = {isa = PBXBuildFile; fileRef = BA1E2B7C20061854006A35F0 /* DivideTwoIntegersTests.swift */; };
		BA28EB521FCD53A4007819DC /* UniqueBinarySearchTrees.swift in Sources */ = {isa = PBXBuildFile; fileRef = BA28EB511FCD53A4007819DC /* UniqueBinarySearchTrees.swift */; };
		BA28EB541FCD5449007819DC /* UniqueBinarySearchTreesTests.swift in Sources */ = {isa = PBXBuildFile; fileRef = BA28EB531FCD5449007819DC /* UniqueBinarySearchTreesTests.swift */; };
		BA3A2D5720039B8400CE27F0 /* SubsetsII.swift in Sources */ = {isa = PBXBuildFile; fileRef = BA3A2D5620039B8400CE27F0 /* SubsetsII.swift */; };
		BA3A2D5920039B9100CE27F0 /* SubsetsIITests.swift in Sources */ = {isa = PBXBuildFile; fileRef = BA3A2D5820039B9100CE27F0 /* SubsetsIITests.swift */; };
		BA3E703620047CCF000FA007 /* MaximumSubArray.swift in Sources */ = {isa = PBXBuildFile; fileRef = BA3E703520047CCF000FA007 /* MaximumSubArray.swift */; };
		BA3E703820047CDE000FA007 /* MaximumSubArrayTests.swift in Sources */ = {isa = PBXBuildFile; fileRef = BA3E703720047CDE000FA007 /* MaximumSubArrayTests.swift */; };
		BA4D43EC20132F1400552440 /* FourSum.swift in Sources */ = {isa = PBXBuildFile; fileRef = BA4D43EB20132F1400552440 /* FourSum.swift */; };
		BA4D43EE20132F2100552440 /* FourSumTests.swift in Sources */ = {isa = PBXBuildFile; fileRef = BA4D43ED20132F2100552440 /* FourSumTests.swift */; };
		BA5137CF2014A716007FC700 /* CombinationSumII.swift in Sources */ = {isa = PBXBuildFile; fileRef = BA5137CE2014A716007FC700 /* CombinationSumII.swift */; };
		BA5137D12014A724007FC700 /* CombinationSumIITests.swift in Sources */ = {isa = PBXBuildFile; fileRef = BA5137D02014A724007FC700 /* CombinationSumIITests.swift */; };
		BA57E6D01FCA80770054C4A4 /* SearchInRotatedSortedArray.swift in Sources */ = {isa = PBXBuildFile; fileRef = BA57E6CF1FCA80770054C4A4 /* SearchInRotatedSortedArray.swift */; };
		BA57E6D21FCA82050054C4A4 /* SearchInRotatedSortedArrayTests.swift in Sources */ = {isa = PBXBuildFile; fileRef = BA57E6D11FCA82050054C4A4 /* SearchInRotatedSortedArrayTests.swift */; };
		BA57E6D41FCA83C90054C4A4 /* SearchForARange.swift in Sources */ = {isa = PBXBuildFile; fileRef = BA57E6D31FCA83C90054C4A4 /* SearchForARange.swift */; };
		BA57E6D61FCA85100054C4A4 /* SearchForARangeTests.swift in Sources */ = {isa = PBXBuildFile; fileRef = BA57E6D51FCA85100054C4A4 /* SearchForARangeTests.swift */; };
		BA57E6D81FCA86450054C4A4 /* SearchInsertPosition.swift in Sources */ = {isa = PBXBuildFile; fileRef = BA57E6D71FCA86450054C4A4 /* SearchInsertPosition.swift */; };
		BA57E6DA1FCA873C0054C4A4 /* SearchInsertPositionTests.swift in Sources */ = {isa = PBXBuildFile; fileRef = BA57E6D91FCA873C0054C4A4 /* SearchInsertPositionTests.swift */; };
		BA57E6DC1FCA88850054C4A4 /* ValidSudoku.swift in Sources */ = {isa = PBXBuildFile; fileRef = BA57E6DB1FCA88850054C4A4 /* ValidSudoku.swift */; };
		BA57E6DE1FCA8D610054C4A4 /* ValidSudokuTests.swift in Sources */ = {isa = PBXBuildFile; fileRef = BA57E6DD1FCA8D610054C4A4 /* ValidSudokuTests.swift */; };
		BA57E6E01FCA9A510054C4A4 /* CountAndSay.swift in Sources */ = {isa = PBXBuildFile; fileRef = BA57E6DF1FCA9A510054C4A4 /* CountAndSay.swift */; };
		BA57E6E21FCA9AEB0054C4A4 /* CountAndSayTests.swift in Sources */ = {isa = PBXBuildFile; fileRef = BA57E6E11FCA9AEB0054C4A4 /* CountAndSayTests.swift */; };
		BA57E6E41FCAA14F0054C4A4 /* GroupAnagrams.swift in Sources */ = {isa = PBXBuildFile; fileRef = BA57E6E31FCAA14F0054C4A4 /* GroupAnagrams.swift */; };
		BA57E6E61FCAA1580054C4A4 /* GroupAnagramsTests.swift in Sources */ = {isa = PBXBuildFile; fileRef = BA57E6E51FCAA1580054C4A4 /* GroupAnagramsTests.swift */; };
		BA57E6E81FCAA4E10054C4A4 /* PowXN.swift in Sources */ = {isa = PBXBuildFile; fileRef = BA57E6E71FCAA4E10054C4A4 /* PowXN.swift */; };
		BA57E6EA1FCAA56B0054C4A4 /* PowXNTests.swift in Sources */ = {isa = PBXBuildFile; fileRef = BA57E6E91FCAA56B0054C4A4 /* PowXNTests.swift */; };
		BA57E6EC1FCAA8570054C4A4 /* SpiralMatrix.swift in Sources */ = {isa = PBXBuildFile; fileRef = BA57E6EB1FCAA8570054C4A4 /* SpiralMatrix.swift */; };
		BA57E6EE1FCAAD480054C4A4 /* SpiralMatrixTests.swift in Sources */ = {isa = PBXBuildFile; fileRef = BA57E6ED1FCAAD480054C4A4 /* SpiralMatrixTests.swift */; };
		BA57E6F01FCAB04E0054C4A4 /* LengthOfLastWord.swift in Sources */ = {isa = PBXBuildFile; fileRef = BA57E6EF1FCAB04E0054C4A4 /* LengthOfLastWord.swift */; };
		BA57E6F21FCAB0EE0054C4A4 /* LengthOfLastWordTests.swift in Sources */ = {isa = PBXBuildFile; fileRef = BA57E6F11FCAB0EE0054C4A4 /* LengthOfLastWordTests.swift */; };
		BA57E6F41FCAB2160054C4A4 /* SpiralMatrixII.swift in Sources */ = {isa = PBXBuildFile; fileRef = BA57E6F31FCAB2160054C4A4 /* SpiralMatrixII.swift */; };
		BA57E6F61FCAB5000054C4A4 /* SpiralMatrixIITests.swift in Sources */ = {isa = PBXBuildFile; fileRef = BA57E6F51FCAB5000054C4A4 /* SpiralMatrixIITests.swift */; };
		BA57E6F81FCAB6D50054C4A4 /* UniquePaths.swift in Sources */ = {isa = PBXBuildFile; fileRef = BA57E6F71FCAB6D50054C4A4 /* UniquePaths.swift */; };
		BA57E6FA1FCAB8030054C4A4 /* UniquePathsTests.swift in Sources */ = {isa = PBXBuildFile; fileRef = BA57E6F91FCAB8030054C4A4 /* UniquePathsTests.swift */; };
		BA57E6FC1FCAB8E90054C4A4 /* UniquePathsII.swift in Sources */ = {isa = PBXBuildFile; fileRef = BA57E6FB1FCAB8E90054C4A4 /* UniquePathsII.swift */; };
		BA57E6FE1FCABAE30054C4A4 /* UniquePathsIITests.swift in Sources */ = {isa = PBXBuildFile; fileRef = BA57E6FD1FCABAE30054C4A4 /* UniquePathsIITests.swift */; };
		BA57E7001FCB050B0054C4A4 /* MinimumPathSum.swift in Sources */ = {isa = PBXBuildFile; fileRef = BA57E6FF1FCB050B0054C4A4 /* MinimumPathSum.swift */; };
		BA57E7021FCB083E0054C4A4 /* MinimumPathSumTests.swift in Sources */ = {isa = PBXBuildFile; fileRef = BA57E7011FCB083E0054C4A4 /* MinimumPathSumTests.swift */; };
		BA57E7041FCB0C7A0054C4A4 /* PlusOne.swift in Sources */ = {isa = PBXBuildFile; fileRef = BA57E7031FCB0C7A0054C4A4 /* PlusOne.swift */; };
		BA57E7061FCB0DF50054C4A4 /* PlusOneTests.swift in Sources */ = {isa = PBXBuildFile; fileRef = BA57E7051FCB0DF50054C4A4 /* PlusOneTests.swift */; };
		BA57E7081FCB0F690054C4A4 /* AddBinary.swift in Sources */ = {isa = PBXBuildFile; fileRef = BA57E7071FCB0F690054C4A4 /* AddBinary.swift */; };
		BA57E70A1FCB12CB0054C4A4 /* AddBinaryTests.swift in Sources */ = {isa = PBXBuildFile; fileRef = BA57E7091FCB12CB0054C4A4 /* AddBinaryTests.swift */; };
		BA59915E20346A6E003A60A6 /* SingleNumber.swift in Sources */ = {isa = PBXBuildFile; fileRef = BA59915D20346A6E003A60A6 /* SingleNumber.swift */; };
		BA59916020346A7F003A60A6 /* SingleNumberTests.swift in Sources */ = {isa = PBXBuildFile; fileRef = BA59915F20346A7F003A60A6 /* SingleNumberTests.swift */; };
		BA5BB0A72011FFB8009931D0 /* LetterCombinationsOfAPhoneNumber.swift in Sources */ = {isa = PBXBuildFile; fileRef = BA5BB0A62011FFB8009931D0 /* LetterCombinationsOfAPhoneNumber.swift */; };
		BA5BB0A92011FFC7009931D0 /* LetterCombinationsOfAPhoneNumberTests.swift in Sources */ = {isa = PBXBuildFile; fileRef = BA5BB0A82011FFC7009931D0 /* LetterCombinationsOfAPhoneNumberTests.swift */; };
		BA5E0ED91FD6598C00089B61 /* Permutations.swift in Sources */ = {isa = PBXBuildFile; fileRef = BA5E0ED81FD6598C00089B61 /* Permutations.swift */; };
		BA5E0EDB1FD6599600089B61 /* PermutationsTests.swift in Sources */ = {isa = PBXBuildFile; fileRef = BA5E0EDA1FD6599600089B61 /* PermutationsTests.swift */; };
		BA606323201748FD008D67E2 /* NextPermutation.swift in Sources */ = {isa = PBXBuildFile; fileRef = BA606322201748FD008D67E2 /* NextPermutation.swift */; };
		BA6063252017490B008D67E2 /* NextPermutationTests.swift in Sources */ = {isa = PBXBuildFile; fileRef = BA6063242017490B008D67E2 /* NextPermutationTests.swift */; };
		BA631DCB2001EA3E00535183 /* PartitionList.swift in Sources */ = {isa = PBXBuildFile; fileRef = BA631DCA2001EA3E00535183 /* PartitionList.swift */; };
		BA631DCD2001EA4B00535183 /* PartitionListTests.swift in Sources */ = {isa = PBXBuildFile; fileRef = BA631DCC2001EA4B00535183 /* PartitionListTests.swift */; };
		BA6C11B41FC86710008DACF9 /* TwoSum.swift in Sources */ = {isa = PBXBuildFile; fileRef = BA6C11B31FC86710008DACF9 /* TwoSum.swift */; };
		BA6C11B61FC8689C008DACF9 /* TwoSumTests.swift in Sources */ = {isa = PBXBuildFile; fileRef = BA6C11B51FC8689C008DACF9 /* TwoSumTests.swift */; };
		BA6C11B81FC86A5B008DACF9 /* AddTwoNumbers.swift in Sources */ = {isa = PBXBuildFile; fileRef = BA6C11B71FC86A5B008DACF9 /* AddTwoNumbers.swift */; };
		BA6C11BA1FC86EB2008DACF9 /* AddTwoNumbersTests.swift in Sources */ = {isa = PBXBuildFile; fileRef = BA6C11B91FC86EB2008DACF9 /* AddTwoNumbersTests.swift */; };
		BA71BFA520395E5D00B7724A /* BinaryTreeLevelOrderTraversal.swift in Sources */ = {isa = PBXBuildFile; fileRef = BA71BFA420395E5D00B7724A /* BinaryTreeLevelOrderTraversal.swift */; };
		BA71BFA720395E7200B7724A /* BinaryTreeLevelOrderTraversalTests.swift in Sources */ = {isa = PBXBuildFile; fileRef = BA71BFA620395E7200B7724A /* BinaryTreeLevelOrderTraversalTests.swift */; };
		BA7940E520008D5900C7D61F /* RestoreIPAddresses.swift in Sources */ = {isa = PBXBuildFile; fileRef = BA7940E420008D5900C7D61F /* RestoreIPAddresses.swift */; };
		BA7940E720008D6900C7D61F /* RestoreIPAddressesTests.swift in Sources */ = {isa = PBXBuildFile; fileRef = BA7940E620008D6900C7D61F /* RestoreIPAddressesTests.swift */; };
		BA843BDB1FFF425F004466FC /* Combinations.swift in Sources */ = {isa = PBXBuildFile; fileRef = BA843BDA1FFF425F004466FC /* Combinations.swift */; };
		BA843BDD1FFF4270004466FC /* CombinationsTests.swift in Sources */ = {isa = PBXBuildFile; fileRef = BA843BDC1FFF4270004466FC /* CombinationsTests.swift */; };
		BA8601B71FE91CCA0025DAE3 /* MultiplyStrings.swift in Sources */ = {isa = PBXBuildFile; fileRef = BA8601B61FE91CCA0025DAE3 /* MultiplyStrings.swift */; };
		BA8601B91FE91CE80025DAE3 /* MultiplyStringsTests.swift in Sources */ = {isa = PBXBuildFile; fileRef = BA8601B81FE91CE80025DAE3 /* MultiplyStringsTests.swift */; };
		BA8A676E20146D92009685E8 /* CombinationSum.swift in Sources */ = {isa = PBXBuildFile; fileRef = BA8A676D20146D92009685E8 /* CombinationSum.swift */; };
		BA8A677020146DA0009685E8 /* CombinationSumTests.swift in Sources */ = {isa = PBXBuildFile; fileRef = BA8A676F20146DA0009685E8 /* CombinationSumTests.swift */; };
		BA8D362B1FD94D9C00073066 /* MergeTwoSortedLists.swift in Sources */ = {isa = PBXBuildFile; fileRef = BA8D362A1FD94D9C00073066 /* MergeTwoSortedLists.swift */; };
		BA8D362D1FD94DAC00073066 /* MergeTwoSortedListsTests.swift in Sources */ = {isa = PBXBuildFile; fileRef = BA8D362C1FD94DAC00073066 /* MergeTwoSortedListsTests.swift */; };
		BA906DA2203441940045612D /* MaximumDepthOfBinaryTree.swift in Sources */ = {isa = PBXBuildFile; fileRef = BA906DA1203441940045612D /* MaximumDepthOfBinaryTree.swift */; };
		BA906DA6203441E40045612D /* MaximumDepthOfBinaryTreeTests.swift in Sources */ = {isa = PBXBuildFile; fileRef = BA906DA5203441E40045612D /* MaximumDepthOfBinaryTreeTests.swift */; };
		BA96975F1FCC099B00C5FFDE /* SortColors.swift in Sources */ = {isa = PBXBuildFile; fileRef = BA96975E1FCC099B00C5FFDE /* SortColors.swift */; };
		BA9697611FCC09E800C5FFDE /* SortColorsTests.swift in Sources */ = {isa = PBXBuildFile; fileRef = BA9697601FCC09E800C5FFDE /* SortColorsTests.swift */; };
		BA97ECFB1FC924AF000A3DFF /* ReverseInteger.swift in Sources */ = {isa = PBXBuildFile; fileRef = BA97ECFA1FC924AF000A3DFF /* ReverseInteger.swift */; };
		BA97ECFD1FC92847000A3DFF /* ReverseIntegerTests.swift in Sources */ = {isa = PBXBuildFile; fileRef = BA97ECFC1FC92847000A3DFF /* ReverseIntegerTests.swift */; };
		BA97ECFF1FC92A99000A3DFF /* StringToIntegerAtoi.swift in Sources */ = {isa = PBXBuildFile; fileRef = BA97ECFE1FC92A99000A3DFF /* StringToIntegerAtoi.swift */; };
		BA97ED011FC93C65000A3DFF /* StringToIntegerAtoiTests.swift in Sources */ = {isa = PBXBuildFile; fileRef = BA97ED001FC93C65000A3DFF /* StringToIntegerAtoiTests.swift */; };
		BA97ED031FC94B2D000A3DFF /* PalindromeNumber.swift in Sources */ = {isa = PBXBuildFile; fileRef = BA97ED021FC94B2D000A3DFF /* PalindromeNumber.swift */; };
		BA97ED051FC94C07000A3DFF /* PalindromeNumberTests.swift in Sources */ = {isa = PBXBuildFile; fileRef = BA97ED041FC94C07000A3DFF /* PalindromeNumberTests.swift */; };
		BA97ED071FC94DAD000A3DFF /* ContainerWithMostWater.swift in Sources */ = {isa = PBXBuildFile; fileRef = BA97ED061FC94DAD000A3DFF /* ContainerWithMostWater.swift */; };
		BA97ED091FC94E9E000A3DFF /* ContainerWithMostWaterTests.swift in Sources */ = {isa = PBXBuildFile; fileRef = BA97ED081FC94E9E000A3DFF /* ContainerWithMostWaterTests.swift */; };
		BA97ED0B1FC9500C000A3DFF /* RomanToInteger.swift in Sources */ = {isa = PBXBuildFile; fileRef = BA97ED0A1FC9500C000A3DFF /* RomanToInteger.swift */; };
		BA97ED0D1FC952EA000A3DFF /* RomanToIntegerTests.swift in Sources */ = {isa = PBXBuildFile; fileRef = BA97ED0C1FC952EA000A3DFF /* RomanToIntegerTests.swift */; };
		BA97ED0F1FC95427000A3DFF /* LongestCommonPrefix.swift in Sources */ = {isa = PBXBuildFile; fileRef = BA97ED0E1FC95427000A3DFF /* LongestCommonPrefix.swift */; };
		BA97ED111FC95CE5000A3DFF /* LongestCommonPrefixTests.swift in Sources */ = {isa = PBXBuildFile; fileRef = BA97ED101FC95CE5000A3DFF /* LongestCommonPrefixTests.swift */; };
		BA97ED201FC99039000A3DFF /* ValidParentheses.swift in Sources */ = {isa = PBXBuildFile; fileRef = BA97ED1F1FC99039000A3DFF /* ValidParentheses.swift */; };
		BA97ED221FC991FA000A3DFF /* ValidParenthesesTests.swift in Sources */ = {isa = PBXBuildFile; fileRef = BA97ED211FC991FA000A3DFF /* ValidParenthesesTests.swift */; };
		BA97ED241FC99351000A3DFF /* RemoveDuplicatesFromSortedArray.swift in Sources */ = {isa = PBXBuildFile; fileRef = BA97ED231FC99351000A3DFF /* RemoveDuplicatesFromSortedArray.swift */; };
		BA97ED261FC99393000A3DFF /* RemoveDuplicatesFromSortedArrayTests.swift in Sources */ = {isa = PBXBuildFile; fileRef = BA97ED251FC99393000A3DFF /* RemoveDuplicatesFromSortedArrayTests.swift */; };
		BA97ED281FC998EB000A3DFF /* RemoveElement.swift in Sources */ = {isa = PBXBuildFile; fileRef = BA97ED271FC998EB000A3DFF /* RemoveElement.swift */; };
		BA97ED2A1FC998F5000A3DFF /* RemoveElementTests.swift in Sources */ = {isa = PBXBuildFile; fileRef = BA97ED291FC998F5000A3DFF /* RemoveElementTests.swift */; };
		BA97ED2C1FC99FA6000A3DFF /* ImplementStrStr.swift in Sources */ = {isa = PBXBuildFile; fileRef = BA97ED2B1FC99FA6000A3DFF /* ImplementStrStr.swift */; };
		BA97ED2E1FC99FB1000A3DFF /* ImplementStrStrTests.swift in Sources */ = {isa = PBXBuildFile; fileRef = BA97ED2D1FC99FB1000A3DFF /* ImplementStrStrTests.swift */; };
		BA99D6BF203C5C3400B1542F /* SingleNumberII.swift in Sources */ = {isa = PBXBuildFile; fileRef = BA99D6BE203C5C3400B1542F /* SingleNumberII.swift */; };
		BA99D6C1203C5D0A00B1542F /* SingleNumberIITests.swift in Sources */ = {isa = PBXBuildFile; fileRef = BA99D6C0203C5D0A00B1542F /* SingleNumberIITests.swift */; };
		BA9A05AD20108E4A0022E1CB /* ThreeSumClosest.swift in Sources */ = {isa = PBXBuildFile; fileRef = BA9A05AC20108E4A0022E1CB /* ThreeSumClosest.swift */; };
		BA9A05AF20108F460022E1CB /* ThreeSumClosestTests.swift in Sources */ = {isa = PBXBuildFile; fileRef = BA9A05AE20108F460022E1CB /* ThreeSumClosestTests.swift */; };
		BAA4A9F92004E99300FEAD22 /* SearchInRotatedSortedArrayII.swift in Sources */ = {isa = PBXBuildFile; fileRef = BAA4A9F82004E99300FEAD22 /* SearchInRotatedSortedArrayII.swift */; };
		BAA4A9FB2004E9A200FEAD22 /* SearchInRotatedSortedArrayIITests.swift in Sources */ = {isa = PBXBuildFile; fileRef = BAA4A9FA2004E9A200FEAD22 /* SearchInRotatedSortedArrayIITests.swift */; };
		BAA6F0801FCBAEA30021B04F /* SetMatrixZeroes.swift in Sources */ = {isa = PBXBuildFile; fileRef = BAA6F07F1FCBAEA30021B04F /* SetMatrixZeroes.swift */; };
		BAA6F0821FCBAEB10021B04F /* SetMatrixZeroesTests.swift in Sources */ = {isa = PBXBuildFile; fileRef = BAA6F0811FCBAEB10021B04F /* SetMatrixZeroesTests.swift */; };
		BAA6F0841FCBBECB0021B04F /* SearchA2DMatrix.swift in Sources */ = {isa = PBXBuildFile; fileRef = BAA6F0831FCBBECB0021B04F /* SearchA2DMatrix.swift */; };
		BAA6F0861FCBBED50021B04F /* SearchA2DMatrixTests.swift in Sources */ = {isa = PBXBuildFile; fileRef = BAA6F0851FCBBED50021B04F /* SearchA2DMatrixTests.swift */; };
		BAA6F0881FCBC73C0021B04F /* RemoveDuplicatesFromSortedArrayII.swift in Sources */ = {isa = PBXBuildFile; fileRef = BAA6F0871FCBC73C0021B04F /* RemoveDuplicatesFromSortedArrayII.swift */; };
		BAA6F08A1FCBC74D0021B04F /* RemoveDuplicatesFromSortedArrayIITests.swift in Sources */ = {isa = PBXBuildFile; fileRef = BAA6F0891FCBC74D0021B04F /* RemoveDuplicatesFromSortedArrayIITests.swift */; };
		BAA6F08C1FCBCB9A0021B04F /* RemoveDuplicatesFromSortedListII.swift in Sources */ = {isa = PBXBuildFile; fileRef = BAA6F08B1FCBCB9A0021B04F /* RemoveDuplicatesFromSortedListII.swift */; };
		BAA6F08E1FCBCD2B0021B04F /* RemoveDuplicatesFromSortedListIITests.swift in Sources */ = {isa = PBXBuildFile; fileRef = BAA6F08D1FCBCD2B0021B04F /* RemoveDuplicatesFromSortedListIITests.swift */; };
		BAA6F0901FCBD29E0021B04F /* RemoveDuplicatesFromSortedList.swift in Sources */ = {isa = PBXBuildFile; fileRef = BAA6F08F1FCBD29E0021B04F /* RemoveDuplicatesFromSortedList.swift */; };
		BAA6F0921FCBD4010021B04F /* RemoveDuplicatesFromSortedListTests.swift in Sources */ = {isa = PBXBuildFile; fileRef = BAA6F0911FCBD4010021B04F /* RemoveDuplicatesFromSortedListTests.swift */; };
		BAA6F0941FCBD7260021B04F /* MergeSortedArray.swift in Sources */ = {isa = PBXBuildFile; fileRef = BAA6F0931FCBD7260021B04F /* MergeSortedArray.swift */; };
		BAA6F0961FCBD72E0021B04F /* MergeSortedArrayTests.swift in Sources */ = {isa = PBXBuildFile; fileRef = BAA6F0951FCBD72E0021B04F /* MergeSortedArrayTests.swift */; };
		BAA6F0981FCBDA3D0021B04F /* GrayCode.swift in Sources */ = {isa = PBXBuildFile; fileRef = BAA6F0971FCBDA3D0021B04F /* GrayCode.swift */; };
		BAA6F09A1FCBDA4E0021B04F /* GrayCodeTests.swift in Sources */ = {isa = PBXBuildFile; fileRef = BAA6F0991FCBDA4E0021B04F /* GrayCodeTests.swift */; };
		BAA6F09C1FCBDC300021B04F /* SameTree.swift in Sources */ = {isa = PBXBuildFile; fileRef = BAA6F09B1FCBDC300021B04F /* SameTree.swift */; };
		BAA6F09E1FCBDD460021B04F /* SameTreeTests.swift in Sources */ = {isa = PBXBuildFile; fileRef = BAA6F09D1FCBDD460021B04F /* SameTreeTests.swift */; };
		BAACED13203ED62B00D0D5B6 /* LinkedListCycle.swift in Sources */ = {isa = PBXBuildFile; fileRef = BAACED12203ED62B00D0D5B6 /* LinkedListCycle.swift */; };
		BAACED15203ED63A00D0D5B6 /* LinkedListCycleTests.swift in Sources */ = {isa = PBXBuildFile; fileRef = BAACED14203ED63A00D0D5B6 /* LinkedListCycleTests.swift */; };
		BAAD30222003572D00FEF1F1 /* DecodeWays.swift in Sources */ = {isa = PBXBuildFile; fileRef = BAAD30212003572D00FEF1F1 /* DecodeWays.swift */; };
		BAAD3024200358E500FEF1F1 /* DecodeWaysTests.swift in Sources */ = {isa = PBXBuildFile; fileRef = BAAD3023200358E500FEF1F1 /* DecodeWaysTests.swift */; };
		BAB0E3C420134A9D0061805D /* IntegerToRoman.swift in Sources */ = {isa = PBXBuildFile; fileRef = BAB0E3C320134A9D0061805D /* IntegerToRoman.swift */; };
		BAB0E3C620134AA60061805D /* IntegerToRomanTests.swift in Sources */ = {isa = PBXBuildFile; fileRef = BAB0E3C520134AA60061805D /* IntegerToRomanTests.swift */; };
		BABF42AC200B96DB00157FDE /* UniqueBinarySearchTreesII.swift in Sources */ = {isa = PBXBuildFile; fileRef = BABF42AB200B96DB00157FDE /* UniqueBinarySearchTreesII.swift */; };
		BABF42AE200B96EA00157FDE /* UniqueBinarySearchTreesIITests.swift in Sources */ = {isa = PBXBuildFile; fileRef = BABF42AD200B96EA00157FDE /* UniqueBinarySearchTreesIITests.swift */; };
		BAC3504E1FC881DC00E35287 /* LongestSubstringWithoutRepeatingCharacters.swift in Sources */ = {isa = PBXBuildFile; fileRef = BAC3504D1FC881DC00E35287 /* LongestSubstringWithoutRepeatingCharacters.swift */; };
		BAC350501FC88C5E00E35287 /* LongestSubstringWithoutRepeatingCharactersTests.swift in Sources */ = {isa = PBXBuildFile; fileRef = BAC3504F1FC88C5E00E35287 /* LongestSubstringWithoutRepeatingCharactersTests.swift */; };
		BAC481EB2002081B00639EB3 /* ReverseLinkedListII.swift in Sources */ = {isa = PBXBuildFile; fileRef = BAC481EA2002081B00639EB3 /* ReverseLinkedListII.swift */; };
		BAC481ED2002082800639EB3 /* ReverseLinkedListIITests.swift in Sources */ = {isa = PBXBuildFile; fileRef = BAC481EC2002082800639EB3 /* ReverseLinkedListIITests.swift */; };
		BAC830091FD53312005E345F /* GenerateParentheses.swift in Sources */ = {isa = PBXBuildFile; fileRef = BAC830081FD53312005E345F /* GenerateParentheses.swift */; };
		BAC8300B1FD53537005E345F /* GenerateParenthesesTests.swift in Sources */ = {isa = PBXBuildFile; fileRef = BAC8300A1FD53537005E345F /* GenerateParenthesesTests.swift */; };
		BAD2ABFA2000AE6900D9D2C3 /* RotateList.swift in Sources */ = {isa = PBXBuildFile; fileRef = BAD2ABF92000AE6900D9D2C3 /* RotateList.swift */; };
		BAD2ABFC2000AE7800D9D2C3 /* RotateListTests.swift in Sources */ = {isa = PBXBuildFile; fileRef = BAD2ABFB2000AE7800D9D2C3 /* RotateListTests.swift */; };
		BAD4641E1FFE3C210064C399 /* JumpGame.swift in Sources */ = {isa = PBXBuildFile; fileRef = BAD4641D1FFE3C210064C399 /* JumpGame.swift */; };
		BAD464201FFE3C320064C399 /* JumpGameTests.swift in Sources */ = {isa = PBXBuildFile; fileRef = BAD4641F1FFE3C320064C399 /* JumpGameTests.swift */; };
		BAD517011FD40AF500850531 /* ThreeSum.swift in Sources */ = {isa = PBXBuildFile; fileRef = BAD517001FD40AF500850531 /* ThreeSum.swift */; };
		BAD517031FD411B900850531 /* ThreeSumTests.swift in Sources */ = {isa = PBXBuildFile; fileRef = BAD517021FD411B900850531 /* ThreeSumTests.swift */; };
		BADC96171FD968E100B63351 /* RemoveNthNodeFromEndOfList.swift in Sources */ = {isa = PBXBuildFile; fileRef = BADC96161FD968E100B63351 /* RemoveNthNodeFromEndOfList.swift */; };
		BADC96191FD968EF00B63351 /* RemoveNthNodeFromEndOfListTests.swift in Sources */ = {isa = PBXBuildFile; fileRef = BADC96181FD968EF00B63351 /* RemoveNthNodeFromEndOfListTests.swift */; };
		BAE30AF220079F5F008A98F3 /* ValidateBinarySearchTree.swift in Sources */ = {isa = PBXBuildFile; fileRef = BAE30AF120079F5F008A98F3 /* ValidateBinarySearchTree.swift */; };
		BAE30AF420079F6F008A98F3 /* ValidateBinarySearchTreeTests.swift in Sources */ = {isa = PBXBuildFile; fileRef = BAE30AF320079F6F008A98F3 /* ValidateBinarySearchTreeTests.swift */; };
		BAEB1A781FCEA091007B4129 /* RotateImage.swift in Sources */ = {isa = PBXBuildFile; fileRef = BAEB1A771FCEA091007B4129 /* RotateImage.swift */; };
		BAEB1A7A1FCEA282007B4129 /* RotateImageTests.swift in Sources */ = {isa = PBXBuildFile; fileRef = BAEB1A791FCEA282007B4129 /* RotateImageTests.swift */; };
		BAECCDAC200B1B0E0078B9F5 /* WordSearch.swift in Sources */ = {isa = PBXBuildFile; fileRef = BAECCDAB200B1B0E0078B9F5 /* WordSearch.swift */; };
		BAECCDAE200B21040078B9F5 /* WordSearchTests.swift in Sources */ = {isa = PBXBuildFile; fileRef = BAECCDAD200B21040078B9F5 /* WordSearchTests.swift */; };
		BAEE748320349CD200B8416C /* PascalsTriangle.swift in Sources */ = {isa = PBXBuildFile; fileRef = BAEE748220349CD200B8416C /* PascalsTriangle.swift */; };
		BAEE748520349CE300B8416C /* PascalsTriangleTests.swift in Sources */ = {isa = PBXBuildFile; fileRef = BAEE748420349CE300B8416C /* PascalsTriangleTests.swift */; };
		BAF4C90A2002691C001892BD /* MergeIntervals.swift in Sources */ = {isa = PBXBuildFile; fileRef = BAF4C9092002691C001892BD /* MergeIntervals.swift */; };
		BAF4C90C2002692E001892BD /* MergeIntervalsTests.swift in Sources */ = {isa = PBXBuildFile; fileRef = BAF4C90B2002692E001892BD /* MergeIntervalsTests.swift */; };
		BAF6C8071FE51B3900EF511A /* LongestPalindromicSubstring.swift in Sources */ = {isa = PBXBuildFile; fileRef = BAF6C8061FE51B3900EF511A /* LongestPalindromicSubstring.swift */; };
		BAF6C8091FE51BA700EF511A /* LongestPalindromicSubstringTests.swift in Sources */ = {isa = PBXBuildFile; fileRef = BAF6C8081FE51BA700EF511A /* LongestPalindromicSubstringTests.swift */; };
		BAF97EAB1FDEBF1D0039845A /* Subsets.swift in Sources */ = {isa = PBXBuildFile; fileRef = BAF97EAA1FDEBF1D0039845A /* Subsets.swift */; };
		BAF97EAD1FDEBF2B0039845A /* SubsetsTests.swift in Sources */ = {isa = PBXBuildFile; fileRef = BAF97EAC1FDEBF2B0039845A /* SubsetsTests.swift */; };
		D65A505D2258A3E94C43E65A /* SqrtXTests.swift in Sources */ = {isa = PBXBuildFile; fileRef = D65A5D9AFC3B1D9099763811 /* SqrtXTests.swift */; };
		D65A51746A077C5A25075447 /* Assets.xcassets in Resources */ = {isa = PBXBuildFile; fileRef = D65A53937B34936CEBF08482 /* Assets.xcassets */; };
		D65A526B773D624EC371F97E /* ViewController.swift in Sources */ = {isa = PBXBuildFile; fileRef = D65A58BE5468F921B3A7A679 /* ViewController.swift */; };
		D65A535C30EC757CB86F02F5 /* SimplifyPathTests.swift in Sources */ = {isa = PBXBuildFile; fileRef = D65A5DE11BC6FC98D489D2E7 /* SimplifyPathTests.swift */; };
		D65A54BA3D5747D8A739E9B1 /* SqrtX.swift in Sources */ = {isa = PBXBuildFile; fileRef = D65A5CAE5DDE04A55D5D8445 /* SqrtX.swift */; };
		D65A55706BBF670AC1159C89 /* LaunchScreen.storyboard in Resources */ = {isa = PBXBuildFile; fileRef = D65A5F94781A588E05C902C6 /* LaunchScreen.storyboard */; };
		D65A55B0CDBE73018558E6CC /* SimplifyPath.swift in Sources */ = {isa = PBXBuildFile; fileRef = D65A53577369258404F169DD /* SimplifyPath.swift */; };
		D65A55B8CFB87D84BF07FFAD /* AppDelegate.swift in Sources */ = {isa = PBXBuildFile; fileRef = D65A5B95DC21ABA11A554571 /* AppDelegate.swift */; };
		D65A59EF31ABF547BC123B8C /* ClimbingStairs.swift in Sources */ = {isa = PBXBuildFile; fileRef = D65A5EDDE1F045B47419F0BA /* ClimbingStairs.swift */; };
		D65A5A087B5516716644AFFB /* Main.storyboard in Resources */ = {isa = PBXBuildFile; fileRef = D65A502F05E9E9CDD3E1286B /* Main.storyboard */; };
		D65A5E8086417B191C25B76C /* ClimbingStairsTests.swift in Sources */ = {isa = PBXBuildFile; fileRef = D65A58CAD393542E414BA0FB /* ClimbingStairsTests.swift */; };
/* End PBXBuildFile section */

/* Begin PBXContainerItemProxy section */
		D65A569CF561A4164269ED7B /* PBXContainerItemProxy */ = {
			isa = PBXContainerItemProxy;
			containerPortal = D65A55BB26F3D412703BCF03 /* Project object */;
			proxyType = 1;
			remoteGlobalIDString = D65A5F22E0316D34A900C47A;
			remoteInfo = LeetCode;
		};
/* End PBXContainerItemProxy section */

/* Begin PBXFileReference section */
		BA1261731FCC6E730044E9A8 /* BinaryTreeInorderTraversal.swift */ = {isa = PBXFileReference; lastKnownFileType = sourcecode.swift; path = BinaryTreeInorderTraversal.swift; sourceTree = "<group>"; };
		BA1261751FCC70080044E9A8 /* BinaryTreeInorderTraversalTests.swift */ = {isa = PBXFileReference; lastKnownFileType = sourcecode.swift; path = BinaryTreeInorderTraversalTests.swift; sourceTree = "<group>"; };
		BA13C7A51FD6789600EC7943 /* PermutationsII.swift */ = {isa = PBXFileReference; lastKnownFileType = sourcecode.swift; path = PermutationsII.swift; sourceTree = "<group>"; };
		BA13C7A71FD678A300EC7943 /* PermutationsIITests.swift */ = {isa = PBXFileReference; lastKnownFileType = sourcecode.swift; path = PermutationsIITests.swift; sourceTree = "<group>"; };
		BA1780221FCFFE24004293A6 /* ZigZagConversion.swift */ = {isa = PBXFileReference; lastKnownFileType = sourcecode.swift; path = ZigZagConversion.swift; sourceTree = "<group>"; };
		BA1780241FCFFE2F004293A6 /* ZigZagConversionTests.swift */ = {isa = PBXFileReference; lastKnownFileType = sourcecode.swift; path = ZigZagConversionTests.swift; sourceTree = "<group>"; };
		BA1A136D201E25AA00F65CA2 /* LeetCode.app */ = {isa = PBXFileReference; explicitFileType = wrapper.application; includeInIndex = 0; path = LeetCode.app; sourceTree = BUILT_PRODUCTS_DIR; };
		BA1A136E201E25AA00F65CA2 /* LeetCodeTests.xctest */ = {isa = PBXFileReference; explicitFileType = wrapper.cfbundle; includeInIndex = 0; path = LeetCodeTests.xctest; sourceTree = BUILT_PRODUCTS_DIR; };
		BA1C945E203B1AC4004081C6 /* BinaryTreeLevelOrderTraversalII.swift */ = {isa = PBXFileReference; lastKnownFileType = sourcecode.swift; path = BinaryTreeLevelOrderTraversalII.swift; sourceTree = "<group>"; };
		BA1C9460203B1AE5004081C6 /* BinaryTreeLevelOrderTraversalIITests.swift */ = {isa = PBXFileReference; lastKnownFileType = sourcecode.swift; path = BinaryTreeLevelOrderTraversalIITests.swift; sourceTree = "<group>"; };
		BA1D2D9820355919009D67CD /* SymmetricTree.swift */ = {isa = PBXFileReference; lastKnownFileType = sourcecode.swift; path = SymmetricTree.swift; sourceTree = "<group>"; };
		BA1D2D9A20355926009D67CD /* SymmetricTreeTests.swift */ = {isa = PBXFileReference; lastKnownFileType = sourcecode.swift; path = SymmetricTreeTests.swift; sourceTree = "<group>"; };
		BA1E2B7A2006184B006A35F0 /* DivideTwoIntegers.swift */ = {isa = PBXFileReference; lastKnownFileType = sourcecode.swift; path = DivideTwoIntegers.swift; sourceTree = "<group>"; };
		BA1E2B7C20061854006A35F0 /* DivideTwoIntegersTests.swift */ = {isa = PBXFileReference; lastKnownFileType = sourcecode.swift; path = DivideTwoIntegersTests.swift; sourceTree = "<group>"; };
		BA28EB511FCD53A4007819DC /* UniqueBinarySearchTrees.swift */ = {isa = PBXFileReference; lastKnownFileType = sourcecode.swift; path = UniqueBinarySearchTrees.swift; sourceTree = "<group>"; };
		BA28EB531FCD5449007819DC /* UniqueBinarySearchTreesTests.swift */ = {isa = PBXFileReference; lastKnownFileType = sourcecode.swift; path = UniqueBinarySearchTreesTests.swift; sourceTree = "<group>"; };
		BA3A2D5620039B8400CE27F0 /* SubsetsII.swift */ = {isa = PBXFileReference; lastKnownFileType = sourcecode.swift; path = SubsetsII.swift; sourceTree = "<group>"; };
		BA3A2D5820039B9100CE27F0 /* SubsetsIITests.swift */ = {isa = PBXFileReference; lastKnownFileType = sourcecode.swift; path = SubsetsIITests.swift; sourceTree = "<group>"; };
		BA3E703520047CCF000FA007 /* MaximumSubArray.swift */ = {isa = PBXFileReference; lastKnownFileType = sourcecode.swift; path = MaximumSubArray.swift; sourceTree = "<group>"; };
		BA3E703720047CDE000FA007 /* MaximumSubArrayTests.swift */ = {isa = PBXFileReference; lastKnownFileType = sourcecode.swift; path = MaximumSubArrayTests.swift; sourceTree = "<group>"; };
		BA4D43EB20132F1400552440 /* FourSum.swift */ = {isa = PBXFileReference; lastKnownFileType = sourcecode.swift; path = FourSum.swift; sourceTree = "<group>"; };
		BA4D43ED20132F2100552440 /* FourSumTests.swift */ = {isa = PBXFileReference; lastKnownFileType = sourcecode.swift; path = FourSumTests.swift; sourceTree = "<group>"; };
		BA5137CE2014A716007FC700 /* CombinationSumII.swift */ = {isa = PBXFileReference; lastKnownFileType = sourcecode.swift; path = CombinationSumII.swift; sourceTree = "<group>"; };
		BA5137D02014A724007FC700 /* CombinationSumIITests.swift */ = {isa = PBXFileReference; lastKnownFileType = sourcecode.swift; path = CombinationSumIITests.swift; sourceTree = "<group>"; };
		BA57E6CF1FCA80770054C4A4 /* SearchInRotatedSortedArray.swift */ = {isa = PBXFileReference; lastKnownFileType = sourcecode.swift; path = SearchInRotatedSortedArray.swift; sourceTree = "<group>"; };
		BA57E6D11FCA82050054C4A4 /* SearchInRotatedSortedArrayTests.swift */ = {isa = PBXFileReference; lastKnownFileType = sourcecode.swift; path = SearchInRotatedSortedArrayTests.swift; sourceTree = "<group>"; };
		BA57E6D31FCA83C90054C4A4 /* SearchForARange.swift */ = {isa = PBXFileReference; lastKnownFileType = sourcecode.swift; path = SearchForARange.swift; sourceTree = "<group>"; };
		BA57E6D51FCA85100054C4A4 /* SearchForARangeTests.swift */ = {isa = PBXFileReference; lastKnownFileType = sourcecode.swift; path = SearchForARangeTests.swift; sourceTree = "<group>"; };
		BA57E6D71FCA86450054C4A4 /* SearchInsertPosition.swift */ = {isa = PBXFileReference; lastKnownFileType = sourcecode.swift; path = SearchInsertPosition.swift; sourceTree = "<group>"; };
		BA57E6D91FCA873C0054C4A4 /* SearchInsertPositionTests.swift */ = {isa = PBXFileReference; lastKnownFileType = sourcecode.swift; path = SearchInsertPositionTests.swift; sourceTree = "<group>"; };
		BA57E6DB1FCA88850054C4A4 /* ValidSudoku.swift */ = {isa = PBXFileReference; lastKnownFileType = sourcecode.swift; path = ValidSudoku.swift; sourceTree = "<group>"; };
		BA57E6DD1FCA8D610054C4A4 /* ValidSudokuTests.swift */ = {isa = PBXFileReference; lastKnownFileType = sourcecode.swift; path = ValidSudokuTests.swift; sourceTree = "<group>"; };
		BA57E6DF1FCA9A510054C4A4 /* CountAndSay.swift */ = {isa = PBXFileReference; lastKnownFileType = sourcecode.swift; path = CountAndSay.swift; sourceTree = "<group>"; };
		BA57E6E11FCA9AEB0054C4A4 /* CountAndSayTests.swift */ = {isa = PBXFileReference; lastKnownFileType = sourcecode.swift; path = CountAndSayTests.swift; sourceTree = "<group>"; };
		BA57E6E31FCAA14F0054C4A4 /* GroupAnagrams.swift */ = {isa = PBXFileReference; lastKnownFileType = sourcecode.swift; path = GroupAnagrams.swift; sourceTree = "<group>"; };
		BA57E6E51FCAA1580054C4A4 /* GroupAnagramsTests.swift */ = {isa = PBXFileReference; lastKnownFileType = sourcecode.swift; path = GroupAnagramsTests.swift; sourceTree = "<group>"; };
		BA57E6E71FCAA4E10054C4A4 /* PowXN.swift */ = {isa = PBXFileReference; lastKnownFileType = sourcecode.swift; path = PowXN.swift; sourceTree = "<group>"; };
		BA57E6E91FCAA56B0054C4A4 /* PowXNTests.swift */ = {isa = PBXFileReference; lastKnownFileType = sourcecode.swift; path = PowXNTests.swift; sourceTree = "<group>"; };
		BA57E6EB1FCAA8570054C4A4 /* SpiralMatrix.swift */ = {isa = PBXFileReference; lastKnownFileType = sourcecode.swift; path = SpiralMatrix.swift; sourceTree = "<group>"; };
		BA57E6ED1FCAAD480054C4A4 /* SpiralMatrixTests.swift */ = {isa = PBXFileReference; lastKnownFileType = sourcecode.swift; path = SpiralMatrixTests.swift; sourceTree = "<group>"; };
		BA57E6EF1FCAB04E0054C4A4 /* LengthOfLastWord.swift */ = {isa = PBXFileReference; lastKnownFileType = sourcecode.swift; path = LengthOfLastWord.swift; sourceTree = "<group>"; };
		BA57E6F11FCAB0EE0054C4A4 /* LengthOfLastWordTests.swift */ = {isa = PBXFileReference; lastKnownFileType = sourcecode.swift; path = LengthOfLastWordTests.swift; sourceTree = "<group>"; };
		BA57E6F31FCAB2160054C4A4 /* SpiralMatrixII.swift */ = {isa = PBXFileReference; lastKnownFileType = sourcecode.swift; path = SpiralMatrixII.swift; sourceTree = "<group>"; };
		BA57E6F51FCAB5000054C4A4 /* SpiralMatrixIITests.swift */ = {isa = PBXFileReference; lastKnownFileType = sourcecode.swift; path = SpiralMatrixIITests.swift; sourceTree = "<group>"; };
		BA57E6F71FCAB6D50054C4A4 /* UniquePaths.swift */ = {isa = PBXFileReference; lastKnownFileType = sourcecode.swift; path = UniquePaths.swift; sourceTree = "<group>"; };
		BA57E6F91FCAB8030054C4A4 /* UniquePathsTests.swift */ = {isa = PBXFileReference; lastKnownFileType = sourcecode.swift; path = UniquePathsTests.swift; sourceTree = "<group>"; };
		BA57E6FB1FCAB8E90054C4A4 /* UniquePathsII.swift */ = {isa = PBXFileReference; lastKnownFileType = sourcecode.swift; path = UniquePathsII.swift; sourceTree = "<group>"; };
		BA57E6FD1FCABAE30054C4A4 /* UniquePathsIITests.swift */ = {isa = PBXFileReference; lastKnownFileType = sourcecode.swift; path = UniquePathsIITests.swift; sourceTree = "<group>"; };
		BA57E6FF1FCB050B0054C4A4 /* MinimumPathSum.swift */ = {isa = PBXFileReference; lastKnownFileType = sourcecode.swift; path = MinimumPathSum.swift; sourceTree = "<group>"; };
		BA57E7011FCB083E0054C4A4 /* MinimumPathSumTests.swift */ = {isa = PBXFileReference; lastKnownFileType = sourcecode.swift; path = MinimumPathSumTests.swift; sourceTree = "<group>"; };
		BA57E7031FCB0C7A0054C4A4 /* PlusOne.swift */ = {isa = PBXFileReference; lastKnownFileType = sourcecode.swift; path = PlusOne.swift; sourceTree = "<group>"; };
		BA57E7051FCB0DF50054C4A4 /* PlusOneTests.swift */ = {isa = PBXFileReference; lastKnownFileType = sourcecode.swift; path = PlusOneTests.swift; sourceTree = "<group>"; };
		BA57E7071FCB0F690054C4A4 /* AddBinary.swift */ = {isa = PBXFileReference; lastKnownFileType = sourcecode.swift; path = AddBinary.swift; sourceTree = "<group>"; };
		BA57E7091FCB12CB0054C4A4 /* AddBinaryTests.swift */ = {isa = PBXFileReference; lastKnownFileType = sourcecode.swift; path = AddBinaryTests.swift; sourceTree = "<group>"; };
		BA59915D20346A6E003A60A6 /* SingleNumber.swift */ = {isa = PBXFileReference; lastKnownFileType = sourcecode.swift; path = SingleNumber.swift; sourceTree = "<group>"; };
		BA59915F20346A7F003A60A6 /* SingleNumberTests.swift */ = {isa = PBXFileReference; lastKnownFileType = sourcecode.swift; path = SingleNumberTests.swift; sourceTree = "<group>"; };
		BA5BB0A62011FFB8009931D0 /* LetterCombinationsOfAPhoneNumber.swift */ = {isa = PBXFileReference; lastKnownFileType = sourcecode.swift; path = LetterCombinationsOfAPhoneNumber.swift; sourceTree = "<group>"; };
		BA5BB0A82011FFC7009931D0 /* LetterCombinationsOfAPhoneNumberTests.swift */ = {isa = PBXFileReference; lastKnownFileType = sourcecode.swift; path = LetterCombinationsOfAPhoneNumberTests.swift; sourceTree = "<group>"; };
		BA5E0ED81FD6598C00089B61 /* Permutations.swift */ = {isa = PBXFileReference; lastKnownFileType = sourcecode.swift; path = Permutations.swift; sourceTree = "<group>"; };
		BA5E0EDA1FD6599600089B61 /* PermutationsTests.swift */ = {isa = PBXFileReference; lastKnownFileType = sourcecode.swift; path = PermutationsTests.swift; sourceTree = "<group>"; };
		BA606322201748FD008D67E2 /* NextPermutation.swift */ = {isa = PBXFileReference; lastKnownFileType = sourcecode.swift; path = NextPermutation.swift; sourceTree = "<group>"; };
		BA6063242017490B008D67E2 /* NextPermutationTests.swift */ = {isa = PBXFileReference; lastKnownFileType = sourcecode.swift; path = NextPermutationTests.swift; sourceTree = "<group>"; };
		BA631DCA2001EA3E00535183 /* PartitionList.swift */ = {isa = PBXFileReference; lastKnownFileType = sourcecode.swift; path = PartitionList.swift; sourceTree = "<group>"; };
		BA631DCC2001EA4B00535183 /* PartitionListTests.swift */ = {isa = PBXFileReference; lastKnownFileType = sourcecode.swift; path = PartitionListTests.swift; sourceTree = "<group>"; };
		BA6C11B31FC86710008DACF9 /* TwoSum.swift */ = {isa = PBXFileReference; lastKnownFileType = sourcecode.swift; path = TwoSum.swift; sourceTree = "<group>"; };
		BA6C11B51FC8689C008DACF9 /* TwoSumTests.swift */ = {isa = PBXFileReference; lastKnownFileType = sourcecode.swift; path = TwoSumTests.swift; sourceTree = "<group>"; };
		BA6C11B71FC86A5B008DACF9 /* AddTwoNumbers.swift */ = {isa = PBXFileReference; lastKnownFileType = sourcecode.swift; path = AddTwoNumbers.swift; sourceTree = "<group>"; };
		BA6C11B91FC86EB2008DACF9 /* AddTwoNumbersTests.swift */ = {isa = PBXFileReference; lastKnownFileType = sourcecode.swift; path = AddTwoNumbersTests.swift; sourceTree = "<group>"; };
		BA71BFA420395E5D00B7724A /* BinaryTreeLevelOrderTraversal.swift */ = {isa = PBXFileReference; lastKnownFileType = sourcecode.swift; path = BinaryTreeLevelOrderTraversal.swift; sourceTree = "<group>"; };
		BA71BFA620395E7200B7724A /* BinaryTreeLevelOrderTraversalTests.swift */ = {isa = PBXFileReference; lastKnownFileType = sourcecode.swift; path = BinaryTreeLevelOrderTraversalTests.swift; sourceTree = "<group>"; };
		BA7940E420008D5900C7D61F /* RestoreIPAddresses.swift */ = {isa = PBXFileReference; lastKnownFileType = sourcecode.swift; path = RestoreIPAddresses.swift; sourceTree = "<group>"; };
		BA7940E620008D6900C7D61F /* RestoreIPAddressesTests.swift */ = {isa = PBXFileReference; lastKnownFileType = sourcecode.swift; path = RestoreIPAddressesTests.swift; sourceTree = "<group>"; };
		BA843BDA1FFF425F004466FC /* Combinations.swift */ = {isa = PBXFileReference; lastKnownFileType = sourcecode.swift; path = Combinations.swift; sourceTree = "<group>"; };
		BA843BDC1FFF4270004466FC /* CombinationsTests.swift */ = {isa = PBXFileReference; lastKnownFileType = sourcecode.swift; path = CombinationsTests.swift; sourceTree = "<group>"; };
		BA8601B61FE91CCA0025DAE3 /* MultiplyStrings.swift */ = {isa = PBXFileReference; lastKnownFileType = sourcecode.swift; path = MultiplyStrings.swift; sourceTree = "<group>"; };
		BA8601B81FE91CE80025DAE3 /* MultiplyStringsTests.swift */ = {isa = PBXFileReference; lastKnownFileType = sourcecode.swift; path = MultiplyStringsTests.swift; sourceTree = "<group>"; };
		BA8A676D20146D92009685E8 /* CombinationSum.swift */ = {isa = PBXFileReference; lastKnownFileType = sourcecode.swift; path = CombinationSum.swift; sourceTree = "<group>"; };
		BA8A676F20146DA0009685E8 /* CombinationSumTests.swift */ = {isa = PBXFileReference; lastKnownFileType = sourcecode.swift; path = CombinationSumTests.swift; sourceTree = "<group>"; };
		BA8D362A1FD94D9C00073066 /* MergeTwoSortedLists.swift */ = {isa = PBXFileReference; lastKnownFileType = sourcecode.swift; path = MergeTwoSortedLists.swift; sourceTree = "<group>"; };
		BA8D362C1FD94DAC00073066 /* MergeTwoSortedListsTests.swift */ = {isa = PBXFileReference; lastKnownFileType = sourcecode.swift; path = MergeTwoSortedListsTests.swift; sourceTree = "<group>"; };
		BA906DA1203441940045612D /* MaximumDepthOfBinaryTree.swift */ = {isa = PBXFileReference; lastKnownFileType = sourcecode.swift; path = MaximumDepthOfBinaryTree.swift; sourceTree = "<group>"; };
		BA906DA5203441E40045612D /* MaximumDepthOfBinaryTreeTests.swift */ = {isa = PBXFileReference; lastKnownFileType = sourcecode.swift; path = MaximumDepthOfBinaryTreeTests.swift; sourceTree = "<group>"; };
		BA96975E1FCC099B00C5FFDE /* SortColors.swift */ = {isa = PBXFileReference; lastKnownFileType = sourcecode.swift; path = SortColors.swift; sourceTree = "<group>"; };
		BA9697601FCC09E800C5FFDE /* SortColorsTests.swift */ = {isa = PBXFileReference; lastKnownFileType = sourcecode.swift; path = SortColorsTests.swift; sourceTree = "<group>"; };
		BA97ECFA1FC924AF000A3DFF /* ReverseInteger.swift */ = {isa = PBXFileReference; lastKnownFileType = sourcecode.swift; path = ReverseInteger.swift; sourceTree = "<group>"; };
		BA97ECFC1FC92847000A3DFF /* ReverseIntegerTests.swift */ = {isa = PBXFileReference; lastKnownFileType = sourcecode.swift; path = ReverseIntegerTests.swift; sourceTree = "<group>"; };
		BA97ECFE1FC92A99000A3DFF /* StringToIntegerAtoi.swift */ = {isa = PBXFileReference; lastKnownFileType = sourcecode.swift; path = StringToIntegerAtoi.swift; sourceTree = "<group>"; };
		BA97ED001FC93C65000A3DFF /* StringToIntegerAtoiTests.swift */ = {isa = PBXFileReference; lastKnownFileType = sourcecode.swift; path = StringToIntegerAtoiTests.swift; sourceTree = "<group>"; };
		BA97ED021FC94B2D000A3DFF /* PalindromeNumber.swift */ = {isa = PBXFileReference; lastKnownFileType = sourcecode.swift; path = PalindromeNumber.swift; sourceTree = "<group>"; };
		BA97ED041FC94C07000A3DFF /* PalindromeNumberTests.swift */ = {isa = PBXFileReference; lastKnownFileType = sourcecode.swift; path = PalindromeNumberTests.swift; sourceTree = "<group>"; };
		BA97ED061FC94DAD000A3DFF /* ContainerWithMostWater.swift */ = {isa = PBXFileReference; lastKnownFileType = sourcecode.swift; path = ContainerWithMostWater.swift; sourceTree = "<group>"; };
		BA97ED081FC94E9E000A3DFF /* ContainerWithMostWaterTests.swift */ = {isa = PBXFileReference; lastKnownFileType = sourcecode.swift; path = ContainerWithMostWaterTests.swift; sourceTree = "<group>"; };
		BA97ED0A1FC9500C000A3DFF /* RomanToInteger.swift */ = {isa = PBXFileReference; lastKnownFileType = sourcecode.swift; path = RomanToInteger.swift; sourceTree = "<group>"; };
		BA97ED0C1FC952EA000A3DFF /* RomanToIntegerTests.swift */ = {isa = PBXFileReference; lastKnownFileType = sourcecode.swift; path = RomanToIntegerTests.swift; sourceTree = "<group>"; };
		BA97ED0E1FC95427000A3DFF /* LongestCommonPrefix.swift */ = {isa = PBXFileReference; lastKnownFileType = sourcecode.swift; path = LongestCommonPrefix.swift; sourceTree = "<group>"; };
		BA97ED101FC95CE5000A3DFF /* LongestCommonPrefixTests.swift */ = {isa = PBXFileReference; lastKnownFileType = sourcecode.swift; path = LongestCommonPrefixTests.swift; sourceTree = "<group>"; };
		BA97ED1F1FC99039000A3DFF /* ValidParentheses.swift */ = {isa = PBXFileReference; lastKnownFileType = sourcecode.swift; path = ValidParentheses.swift; sourceTree = "<group>"; };
		BA97ED211FC991FA000A3DFF /* ValidParenthesesTests.swift */ = {isa = PBXFileReference; lastKnownFileType = sourcecode.swift; path = ValidParenthesesTests.swift; sourceTree = "<group>"; };
		BA97ED231FC99351000A3DFF /* RemoveDuplicatesFromSortedArray.swift */ = {isa = PBXFileReference; lastKnownFileType = sourcecode.swift; path = RemoveDuplicatesFromSortedArray.swift; sourceTree = "<group>"; };
		BA97ED251FC99393000A3DFF /* RemoveDuplicatesFromSortedArrayTests.swift */ = {isa = PBXFileReference; lastKnownFileType = sourcecode.swift; path = RemoveDuplicatesFromSortedArrayTests.swift; sourceTree = "<group>"; };
		BA97ED271FC998EB000A3DFF /* RemoveElement.swift */ = {isa = PBXFileReference; lastKnownFileType = sourcecode.swift; path = RemoveElement.swift; sourceTree = "<group>"; };
		BA97ED291FC998F5000A3DFF /* RemoveElementTests.swift */ = {isa = PBXFileReference; lastKnownFileType = sourcecode.swift; path = RemoveElementTests.swift; sourceTree = "<group>"; };
		BA97ED2B1FC99FA6000A3DFF /* ImplementStrStr.swift */ = {isa = PBXFileReference; lastKnownFileType = sourcecode.swift; path = ImplementStrStr.swift; sourceTree = "<group>"; };
		BA97ED2D1FC99FB1000A3DFF /* ImplementStrStrTests.swift */ = {isa = PBXFileReference; lastKnownFileType = sourcecode.swift; path = ImplementStrStrTests.swift; sourceTree = "<group>"; };
		BA99D6BE203C5C3400B1542F /* SingleNumberII.swift */ = {isa = PBXFileReference; lastKnownFileType = sourcecode.swift; path = SingleNumberII.swift; sourceTree = "<group>"; };
		BA99D6C0203C5D0A00B1542F /* SingleNumberIITests.swift */ = {isa = PBXFileReference; lastKnownFileType = sourcecode.swift; path = SingleNumberIITests.swift; sourceTree = "<group>"; };
		BA9A05AC20108E4A0022E1CB /* ThreeSumClosest.swift */ = {isa = PBXFileReference; lastKnownFileType = sourcecode.swift; path = ThreeSumClosest.swift; sourceTree = "<group>"; };
		BA9A05AE20108F460022E1CB /* ThreeSumClosestTests.swift */ = {isa = PBXFileReference; lastKnownFileType = sourcecode.swift; path = ThreeSumClosestTests.swift; sourceTree = "<group>"; };
		BAA4A9F82004E99300FEAD22 /* SearchInRotatedSortedArrayII.swift */ = {isa = PBXFileReference; lastKnownFileType = sourcecode.swift; path = SearchInRotatedSortedArrayII.swift; sourceTree = "<group>"; };
		BAA4A9FA2004E9A200FEAD22 /* SearchInRotatedSortedArrayIITests.swift */ = {isa = PBXFileReference; lastKnownFileType = sourcecode.swift; path = SearchInRotatedSortedArrayIITests.swift; sourceTree = "<group>"; };
		BAA6F07F1FCBAEA30021B04F /* SetMatrixZeroes.swift */ = {isa = PBXFileReference; lastKnownFileType = sourcecode.swift; path = SetMatrixZeroes.swift; sourceTree = "<group>"; };
		BAA6F0811FCBAEB10021B04F /* SetMatrixZeroesTests.swift */ = {isa = PBXFileReference; lastKnownFileType = sourcecode.swift; path = SetMatrixZeroesTests.swift; sourceTree = "<group>"; };
		BAA6F0831FCBBECB0021B04F /* SearchA2DMatrix.swift */ = {isa = PBXFileReference; lastKnownFileType = sourcecode.swift; path = SearchA2DMatrix.swift; sourceTree = "<group>"; };
		BAA6F0851FCBBED50021B04F /* SearchA2DMatrixTests.swift */ = {isa = PBXFileReference; lastKnownFileType = sourcecode.swift; path = SearchA2DMatrixTests.swift; sourceTree = "<group>"; };
		BAA6F0871FCBC73C0021B04F /* RemoveDuplicatesFromSortedArrayII.swift */ = {isa = PBXFileReference; lastKnownFileType = sourcecode.swift; path = RemoveDuplicatesFromSortedArrayII.swift; sourceTree = "<group>"; };
		BAA6F0891FCBC74D0021B04F /* RemoveDuplicatesFromSortedArrayIITests.swift */ = {isa = PBXFileReference; lastKnownFileType = sourcecode.swift; path = RemoveDuplicatesFromSortedArrayIITests.swift; sourceTree = "<group>"; };
		BAA6F08B1FCBCB9A0021B04F /* RemoveDuplicatesFromSortedListII.swift */ = {isa = PBXFileReference; lastKnownFileType = sourcecode.swift; path = RemoveDuplicatesFromSortedListII.swift; sourceTree = "<group>"; };
		BAA6F08D1FCBCD2B0021B04F /* RemoveDuplicatesFromSortedListIITests.swift */ = {isa = PBXFileReference; lastKnownFileType = sourcecode.swift; path = RemoveDuplicatesFromSortedListIITests.swift; sourceTree = "<group>"; };
		BAA6F08F1FCBD29E0021B04F /* RemoveDuplicatesFromSortedList.swift */ = {isa = PBXFileReference; lastKnownFileType = sourcecode.swift; path = RemoveDuplicatesFromSortedList.swift; sourceTree = "<group>"; };
		BAA6F0911FCBD4010021B04F /* RemoveDuplicatesFromSortedListTests.swift */ = {isa = PBXFileReference; lastKnownFileType = sourcecode.swift; path = RemoveDuplicatesFromSortedListTests.swift; sourceTree = "<group>"; };
		BAA6F0931FCBD7260021B04F /* MergeSortedArray.swift */ = {isa = PBXFileReference; lastKnownFileType = sourcecode.swift; path = MergeSortedArray.swift; sourceTree = "<group>"; };
		BAA6F0951FCBD72E0021B04F /* MergeSortedArrayTests.swift */ = {isa = PBXFileReference; lastKnownFileType = sourcecode.swift; path = MergeSortedArrayTests.swift; sourceTree = "<group>"; };
		BAA6F0971FCBDA3D0021B04F /* GrayCode.swift */ = {isa = PBXFileReference; lastKnownFileType = sourcecode.swift; path = GrayCode.swift; sourceTree = "<group>"; };
		BAA6F0991FCBDA4E0021B04F /* GrayCodeTests.swift */ = {isa = PBXFileReference; lastKnownFileType = sourcecode.swift; path = GrayCodeTests.swift; sourceTree = "<group>"; };
		BAA6F09B1FCBDC300021B04F /* SameTree.swift */ = {isa = PBXFileReference; lastKnownFileType = sourcecode.swift; path = SameTree.swift; sourceTree = "<group>"; };
		BAA6F09D1FCBDD460021B04F /* SameTreeTests.swift */ = {isa = PBXFileReference; lastKnownFileType = sourcecode.swift; path = SameTreeTests.swift; sourceTree = "<group>"; };
		BAACED12203ED62B00D0D5B6 /* LinkedListCycle.swift */ = {isa = PBXFileReference; lastKnownFileType = sourcecode.swift; path = LinkedListCycle.swift; sourceTree = "<group>"; };
		BAACED14203ED63A00D0D5B6 /* LinkedListCycleTests.swift */ = {isa = PBXFileReference; lastKnownFileType = sourcecode.swift; path = LinkedListCycleTests.swift; sourceTree = "<group>"; };
		BAAD30212003572D00FEF1F1 /* DecodeWays.swift */ = {isa = PBXFileReference; lastKnownFileType = sourcecode.swift; path = DecodeWays.swift; sourceTree = "<group>"; };
		BAAD3023200358E500FEF1F1 /* DecodeWaysTests.swift */ = {isa = PBXFileReference; lastKnownFileType = sourcecode.swift; path = DecodeWaysTests.swift; sourceTree = "<group>"; };
		BAB0E3C320134A9D0061805D /* IntegerToRoman.swift */ = {isa = PBXFileReference; lastKnownFileType = sourcecode.swift; path = IntegerToRoman.swift; sourceTree = "<group>"; };
		BAB0E3C520134AA60061805D /* IntegerToRomanTests.swift */ = {isa = PBXFileReference; lastKnownFileType = sourcecode.swift; path = IntegerToRomanTests.swift; sourceTree = "<group>"; };
		BABF42AB200B96DB00157FDE /* UniqueBinarySearchTreesII.swift */ = {isa = PBXFileReference; lastKnownFileType = sourcecode.swift; path = UniqueBinarySearchTreesII.swift; sourceTree = "<group>"; };
		BABF42AD200B96EA00157FDE /* UniqueBinarySearchTreesIITests.swift */ = {isa = PBXFileReference; lastKnownFileType = sourcecode.swift; path = UniqueBinarySearchTreesIITests.swift; sourceTree = "<group>"; };
		BAC3504D1FC881DC00E35287 /* LongestSubstringWithoutRepeatingCharacters.swift */ = {isa = PBXFileReference; lastKnownFileType = sourcecode.swift; path = LongestSubstringWithoutRepeatingCharacters.swift; sourceTree = "<group>"; };
		BAC3504F1FC88C5E00E35287 /* LongestSubstringWithoutRepeatingCharactersTests.swift */ = {isa = PBXFileReference; lastKnownFileType = sourcecode.swift; path = LongestSubstringWithoutRepeatingCharactersTests.swift; sourceTree = "<group>"; };
		BAC481EA2002081B00639EB3 /* ReverseLinkedListII.swift */ = {isa = PBXFileReference; lastKnownFileType = sourcecode.swift; path = ReverseLinkedListII.swift; sourceTree = "<group>"; };
		BAC481EC2002082800639EB3 /* ReverseLinkedListIITests.swift */ = {isa = PBXFileReference; lastKnownFileType = sourcecode.swift; path = ReverseLinkedListIITests.swift; sourceTree = "<group>"; };
		BAC830081FD53312005E345F /* GenerateParentheses.swift */ = {isa = PBXFileReference; lastKnownFileType = sourcecode.swift; path = GenerateParentheses.swift; sourceTree = "<group>"; };
		BAC8300A1FD53537005E345F /* GenerateParenthesesTests.swift */ = {isa = PBXFileReference; lastKnownFileType = sourcecode.swift; path = GenerateParenthesesTests.swift; sourceTree = "<group>"; };
		BAD2ABF92000AE6900D9D2C3 /* RotateList.swift */ = {isa = PBXFileReference; lastKnownFileType = sourcecode.swift; path = RotateList.swift; sourceTree = "<group>"; };
		BAD2ABFB2000AE7800D9D2C3 /* RotateListTests.swift */ = {isa = PBXFileReference; lastKnownFileType = sourcecode.swift; path = RotateListTests.swift; sourceTree = "<group>"; };
		BAD4641D1FFE3C210064C399 /* JumpGame.swift */ = {isa = PBXFileReference; lastKnownFileType = sourcecode.swift; path = JumpGame.swift; sourceTree = "<group>"; };
		BAD4641F1FFE3C320064C399 /* JumpGameTests.swift */ = {isa = PBXFileReference; lastKnownFileType = sourcecode.swift; path = JumpGameTests.swift; sourceTree = "<group>"; };
		BAD517001FD40AF500850531 /* ThreeSum.swift */ = {isa = PBXFileReference; lastKnownFileType = sourcecode.swift; path = ThreeSum.swift; sourceTree = "<group>"; };
		BAD517021FD411B900850531 /* ThreeSumTests.swift */ = {isa = PBXFileReference; lastKnownFileType = sourcecode.swift; path = ThreeSumTests.swift; sourceTree = "<group>"; };
		BADC96161FD968E100B63351 /* RemoveNthNodeFromEndOfList.swift */ = {isa = PBXFileReference; lastKnownFileType = sourcecode.swift; path = RemoveNthNodeFromEndOfList.swift; sourceTree = "<group>"; };
		BADC96181FD968EF00B63351 /* RemoveNthNodeFromEndOfListTests.swift */ = {isa = PBXFileReference; lastKnownFileType = sourcecode.swift; path = RemoveNthNodeFromEndOfListTests.swift; sourceTree = "<group>"; };
		BAE30AF120079F5F008A98F3 /* ValidateBinarySearchTree.swift */ = {isa = PBXFileReference; lastKnownFileType = sourcecode.swift; path = ValidateBinarySearchTree.swift; sourceTree = "<group>"; };
		BAE30AF320079F6F008A98F3 /* ValidateBinarySearchTreeTests.swift */ = {isa = PBXFileReference; lastKnownFileType = sourcecode.swift; path = ValidateBinarySearchTreeTests.swift; sourceTree = "<group>"; };
		BAEB1A771FCEA091007B4129 /* RotateImage.swift */ = {isa = PBXFileReference; lastKnownFileType = sourcecode.swift; path = RotateImage.swift; sourceTree = "<group>"; };
		BAEB1A791FCEA282007B4129 /* RotateImageTests.swift */ = {isa = PBXFileReference; lastKnownFileType = sourcecode.swift; path = RotateImageTests.swift; sourceTree = "<group>"; };
		BAECCDAB200B1B0E0078B9F5 /* WordSearch.swift */ = {isa = PBXFileReference; lastKnownFileType = sourcecode.swift; path = WordSearch.swift; sourceTree = "<group>"; };
		BAECCDAD200B21040078B9F5 /* WordSearchTests.swift */ = {isa = PBXFileReference; lastKnownFileType = sourcecode.swift; path = WordSearchTests.swift; sourceTree = "<group>"; };
		BAEE748220349CD200B8416C /* PascalsTriangle.swift */ = {isa = PBXFileReference; lastKnownFileType = sourcecode.swift; path = PascalsTriangle.swift; sourceTree = "<group>"; };
		BAEE748420349CE300B8416C /* PascalsTriangleTests.swift */ = {isa = PBXFileReference; lastKnownFileType = sourcecode.swift; path = PascalsTriangleTests.swift; sourceTree = "<group>"; };
		BAF4C9092002691C001892BD /* MergeIntervals.swift */ = {isa = PBXFileReference; lastKnownFileType = sourcecode.swift; path = MergeIntervals.swift; sourceTree = "<group>"; };
		BAF4C90B2002692E001892BD /* MergeIntervalsTests.swift */ = {isa = PBXFileReference; lastKnownFileType = sourcecode.swift; path = MergeIntervalsTests.swift; sourceTree = "<group>"; };
		BAF6C8061FE51B3900EF511A /* LongestPalindromicSubstring.swift */ = {isa = PBXFileReference; lastKnownFileType = sourcecode.swift; path = LongestPalindromicSubstring.swift; sourceTree = "<group>"; };
		BAF6C8081FE51BA700EF511A /* LongestPalindromicSubstringTests.swift */ = {isa = PBXFileReference; lastKnownFileType = sourcecode.swift; path = LongestPalindromicSubstringTests.swift; sourceTree = "<group>"; };
		BAF97EAA1FDEBF1D0039845A /* Subsets.swift */ = {isa = PBXFileReference; lastKnownFileType = sourcecode.swift; path = Subsets.swift; sourceTree = "<group>"; };
		BAF97EAC1FDEBF2B0039845A /* SubsetsTests.swift */ = {isa = PBXFileReference; lastKnownFileType = sourcecode.swift; path = SubsetsTests.swift; sourceTree = "<group>"; };
		D65A53577369258404F169DD /* SimplifyPath.swift */ = {isa = PBXFileReference; fileEncoding = 4; lastKnownFileType = sourcecode.swift; path = SimplifyPath.swift; sourceTree = "<group>"; };
		D65A53937B34936CEBF08482 /* Assets.xcassets */ = {isa = PBXFileReference; lastKnownFileType = folder.assetcatalog; path = Assets.xcassets; sourceTree = "<group>"; };
		D65A543760A54B630795C53A /* Info.plist */ = {isa = PBXFileReference; lastKnownFileType = text.plist.info; path = Info.plist; sourceTree = "<group>"; };
		D65A586087659F02390C1217 /* Base */ = {isa = PBXFileReference; lastKnownFileType = file.storyboard; name = Base; path = Base.lproj/LaunchScreen.storyboard; sourceTree = "<group>"; };
		D65A58BE5468F921B3A7A679 /* ViewController.swift */ = {isa = PBXFileReference; lastKnownFileType = sourcecode.swift; path = ViewController.swift; sourceTree = "<group>"; };
		D65A58CAD393542E414BA0FB /* ClimbingStairsTests.swift */ = {isa = PBXFileReference; fileEncoding = 4; lastKnownFileType = sourcecode.swift; path = ClimbingStairsTests.swift; sourceTree = "<group>"; };
		D65A592292168BC281F8F0BF /* Info.plist */ = {isa = PBXFileReference; lastKnownFileType = text.plist.info; path = Info.plist; sourceTree = "<group>"; };
		D65A5B95DC21ABA11A554571 /* AppDelegate.swift */ = {isa = PBXFileReference; lastKnownFileType = sourcecode.swift; path = AppDelegate.swift; sourceTree = "<group>"; };
		D65A5CAE5DDE04A55D5D8445 /* SqrtX.swift */ = {isa = PBXFileReference; fileEncoding = 4; lastKnownFileType = sourcecode.swift; path = SqrtX.swift; sourceTree = "<group>"; };
		D65A5D6ED944EBE304B2153C /* Base */ = {isa = PBXFileReference; lastKnownFileType = file.storyboard; name = Base; path = Base.lproj/Main.storyboard; sourceTree = "<group>"; };
		D65A5D9AFC3B1D9099763811 /* SqrtXTests.swift */ = {isa = PBXFileReference; fileEncoding = 4; lastKnownFileType = sourcecode.swift; path = SqrtXTests.swift; sourceTree = "<group>"; };
		D65A5DE11BC6FC98D489D2E7 /* SimplifyPathTests.swift */ = {isa = PBXFileReference; fileEncoding = 4; lastKnownFileType = sourcecode.swift; path = SimplifyPathTests.swift; sourceTree = "<group>"; };
		D65A5EDDE1F045B47419F0BA /* ClimbingStairs.swift */ = {isa = PBXFileReference; fileEncoding = 4; lastKnownFileType = sourcecode.swift; path = ClimbingStairs.swift; sourceTree = "<group>"; };
/* End PBXFileReference section */

/* Begin PBXFrameworksBuildPhase section */
		D65A58EF8EB98838509B894C /* Frameworks */ = {
			isa = PBXFrameworksBuildPhase;
			buildActionMask = 2147483647;
			files = (
			);
			runOnlyForDeploymentPostprocessing = 0;
		};
		D65A5BFE794B679F5EABD3AB /* Frameworks */ = {
			isa = PBXFrameworksBuildPhase;
			buildActionMask = 2147483647;
			files = (
			);
			runOnlyForDeploymentPostprocessing = 0;
		};
/* End PBXFrameworksBuildPhase section */

/* Begin PBXGroup section */
		D65A57623779EE6CD8005FEC /* LeetCode */ = {
			isa = PBXGroup;
			children = (
				D65A543760A54B630795C53A /* Info.plist */,
				D65A53937B34936CEBF08482 /* Assets.xcassets */,
				D65A5F94781A588E05C902C6 /* LaunchScreen.storyboard */,
				D65A5B95DC21ABA11A554571 /* AppDelegate.swift */,
				D65A502F05E9E9CDD3E1286B /* Main.storyboard */,
				D65A58BE5468F921B3A7A679 /* ViewController.swift */,
				D65A5CAE5DDE04A55D5D8445 /* SqrtX.swift */,
				D65A53577369258404F169DD /* SimplifyPath.swift */,
				D65A5EDDE1F045B47419F0BA /* ClimbingStairs.swift */,
				BA6C11B31FC86710008DACF9 /* TwoSum.swift */,
				BA6C11B71FC86A5B008DACF9 /* AddTwoNumbers.swift */,
				BAC3504D1FC881DC00E35287 /* LongestSubstringWithoutRepeatingCharacters.swift */,
				BA97ECFA1FC924AF000A3DFF /* ReverseInteger.swift */,
				BA97ECFE1FC92A99000A3DFF /* StringToIntegerAtoi.swift */,
				BA97ED021FC94B2D000A3DFF /* PalindromeNumber.swift */,
				BA97ED061FC94DAD000A3DFF /* ContainerWithMostWater.swift */,
				BA97ED0A1FC9500C000A3DFF /* RomanToInteger.swift */,
				BA97ED0E1FC95427000A3DFF /* LongestCommonPrefix.swift */,
				BA97ED1F1FC99039000A3DFF /* ValidParentheses.swift */,
				BA97ED231FC99351000A3DFF /* RemoveDuplicatesFromSortedArray.swift */,
				BA97ED271FC998EB000A3DFF /* RemoveElement.swift */,
				BA97ED2B1FC99FA6000A3DFF /* ImplementStrStr.swift */,
				BA57E6CF1FCA80770054C4A4 /* SearchInRotatedSortedArray.swift */,
				BA57E6D31FCA83C90054C4A4 /* SearchForARange.swift */,
				BA57E6D71FCA86450054C4A4 /* SearchInsertPosition.swift */,
				BA57E6DB1FCA88850054C4A4 /* ValidSudoku.swift */,
				BA57E6DF1FCA9A510054C4A4 /* CountAndSay.swift */,
				BA57E6E31FCAA14F0054C4A4 /* GroupAnagrams.swift */,
				BA57E6E71FCAA4E10054C4A4 /* PowXN.swift */,
				BA57E6EB1FCAA8570054C4A4 /* SpiralMatrix.swift */,
				BA57E6EF1FCAB04E0054C4A4 /* LengthOfLastWord.swift */,
				BA57E6F31FCAB2160054C4A4 /* SpiralMatrixII.swift */,
				BA57E6F71FCAB6D50054C4A4 /* UniquePaths.swift */,
				BA57E6FB1FCAB8E90054C4A4 /* UniquePathsII.swift */,
				BA57E6FF1FCB050B0054C4A4 /* MinimumPathSum.swift */,
				BA57E7031FCB0C7A0054C4A4 /* PlusOne.swift */,
				BA57E7071FCB0F690054C4A4 /* AddBinary.swift */,
				BAA6F07F1FCBAEA30021B04F /* SetMatrixZeroes.swift */,
				BAA6F0831FCBBECB0021B04F /* SearchA2DMatrix.swift */,
				BAA6F0871FCBC73C0021B04F /* RemoveDuplicatesFromSortedArrayII.swift */,
				BAA6F08B1FCBCB9A0021B04F /* RemoveDuplicatesFromSortedListII.swift */,
				BAA6F08F1FCBD29E0021B04F /* RemoveDuplicatesFromSortedList.swift */,
				BAA6F0931FCBD7260021B04F /* MergeSortedArray.swift */,
				BAA6F0971FCBDA3D0021B04F /* GrayCode.swift */,
				BAA6F09B1FCBDC300021B04F /* SameTree.swift */,
				BA96975E1FCC099B00C5FFDE /* SortColors.swift */,
				BA1261731FCC6E730044E9A8 /* BinaryTreeInorderTraversal.swift */,
				BA28EB511FCD53A4007819DC /* UniqueBinarySearchTrees.swift */,
				BAEB1A771FCEA091007B4129 /* RotateImage.swift */,
				BA1780221FCFFE24004293A6 /* ZigZagConversion.swift */,
				BAD517001FD40AF500850531 /* ThreeSum.swift */,
				BAC830081FD53312005E345F /* GenerateParentheses.swift */,
				BA5E0ED81FD6598C00089B61 /* Permutations.swift */,
				BA13C7A51FD6789600EC7943 /* PermutationsII.swift */,
				BA8D362A1FD94D9C00073066 /* MergeTwoSortedLists.swift */,
				BADC96161FD968E100B63351 /* RemoveNthNodeFromEndOfList.swift */,
				BAF97EAA1FDEBF1D0039845A /* Subsets.swift */,
				BAF6C8061FE51B3900EF511A /* LongestPalindromicSubstring.swift */,
				BA8601B61FE91CCA0025DAE3 /* MultiplyStrings.swift */,
				BAD4641D1FFE3C210064C399 /* JumpGame.swift */,
				BA843BDA1FFF425F004466FC /* Combinations.swift */,
				BA7940E420008D5900C7D61F /* RestoreIPAddresses.swift */,
				BAD2ABF92000AE6900D9D2C3 /* RotateList.swift */,
				BA631DCA2001EA3E00535183 /* PartitionList.swift */,
				BAC481EA2002081B00639EB3 /* ReverseLinkedListII.swift */,
				BAF4C9092002691C001892BD /* MergeIntervals.swift */,
				BAAD30212003572D00FEF1F1 /* DecodeWays.swift */,
				BA3A2D5620039B8400CE27F0 /* SubsetsII.swift */,
				BA3E703520047CCF000FA007 /* MaximumSubArray.swift */,
				BAA4A9F82004E99300FEAD22 /* SearchInRotatedSortedArrayII.swift */,
				BA1E2B7A2006184B006A35F0 /* DivideTwoIntegers.swift */,
				BAE30AF120079F5F008A98F3 /* ValidateBinarySearchTree.swift */,
				BAECCDAB200B1B0E0078B9F5 /* WordSearch.swift */,
				BABF42AB200B96DB00157FDE /* UniqueBinarySearchTreesII.swift */,
				BA9A05AC20108E4A0022E1CB /* ThreeSumClosest.swift */,
				BA5BB0A62011FFB8009931D0 /* LetterCombinationsOfAPhoneNumber.swift */,
				BA4D43EB20132F1400552440 /* FourSum.swift */,
				BAB0E3C320134A9D0061805D /* IntegerToRoman.swift */,
				BA8A676D20146D92009685E8 /* CombinationSum.swift */,
				BA5137CE2014A716007FC700 /* CombinationSumII.swift */,
				BA606322201748FD008D67E2 /* NextPermutation.swift */,
				BA906DA1203441940045612D /* MaximumDepthOfBinaryTree.swift */,
				BA59915D20346A6E003A60A6 /* SingleNumber.swift */,
				BAEE748220349CD200B8416C /* PascalsTriangle.swift */,
				BA1D2D9820355919009D67CD /* SymmetricTree.swift */,
				BA71BFA420395E5D00B7724A /* BinaryTreeLevelOrderTraversal.swift */,
				BA1C945E203B1AC4004081C6 /* BinaryTreeLevelOrderTraversalII.swift */,
				BA99D6BE203C5C3400B1542F /* SingleNumberII.swift */,
				BAACED12203ED62B00D0D5B6 /* LinkedListCycle.swift */,
			);
			path = LeetCode;
			sourceTree = "<group>";
		};
		D65A5CF06754DAE6E61B01A9 /* LeetCodeTests */ = {
			isa = PBXGroup;
			children = (
				D65A592292168BC281F8F0BF /* Info.plist */,
				D65A5D9AFC3B1D9099763811 /* SqrtXTests.swift */,
				D65A5DE11BC6FC98D489D2E7 /* SimplifyPathTests.swift */,
				D65A58CAD393542E414BA0FB /* ClimbingStairsTests.swift */,
				BA6C11B51FC8689C008DACF9 /* TwoSumTests.swift */,
				BA6C11B91FC86EB2008DACF9 /* AddTwoNumbersTests.swift */,
				BAC3504F1FC88C5E00E35287 /* LongestSubstringWithoutRepeatingCharactersTests.swift */,
				BA97ECFC1FC92847000A3DFF /* ReverseIntegerTests.swift */,
				BA97ED001FC93C65000A3DFF /* StringToIntegerAtoiTests.swift */,
				BA97ED041FC94C07000A3DFF /* PalindromeNumberTests.swift */,
				BA97ED081FC94E9E000A3DFF /* ContainerWithMostWaterTests.swift */,
				BA97ED0C1FC952EA000A3DFF /* RomanToIntegerTests.swift */,
				BA97ED101FC95CE5000A3DFF /* LongestCommonPrefixTests.swift */,
				BA97ED211FC991FA000A3DFF /* ValidParenthesesTests.swift */,
				BA97ED251FC99393000A3DFF /* RemoveDuplicatesFromSortedArrayTests.swift */,
				BA97ED291FC998F5000A3DFF /* RemoveElementTests.swift */,
				BA97ED2D1FC99FB1000A3DFF /* ImplementStrStrTests.swift */,
				BA57E6D11FCA82050054C4A4 /* SearchInRotatedSortedArrayTests.swift */,
				BA57E6D51FCA85100054C4A4 /* SearchForARangeTests.swift */,
				BA57E6D91FCA873C0054C4A4 /* SearchInsertPositionTests.swift */,
				BA57E6DD1FCA8D610054C4A4 /* ValidSudokuTests.swift */,
				BA57E6E11FCA9AEB0054C4A4 /* CountAndSayTests.swift */,
				BA57E6E51FCAA1580054C4A4 /* GroupAnagramsTests.swift */,
				BA57E6E91FCAA56B0054C4A4 /* PowXNTests.swift */,
				BA57E6ED1FCAAD480054C4A4 /* SpiralMatrixTests.swift */,
				BA57E6F11FCAB0EE0054C4A4 /* LengthOfLastWordTests.swift */,
				BA57E6F51FCAB5000054C4A4 /* SpiralMatrixIITests.swift */,
				BA57E6F91FCAB8030054C4A4 /* UniquePathsTests.swift */,
				BA57E6FD1FCABAE30054C4A4 /* UniquePathsIITests.swift */,
				BA57E7011FCB083E0054C4A4 /* MinimumPathSumTests.swift */,
				BA57E7051FCB0DF50054C4A4 /* PlusOneTests.swift */,
				BA57E7091FCB12CB0054C4A4 /* AddBinaryTests.swift */,
				BAA6F0811FCBAEB10021B04F /* SetMatrixZeroesTests.swift */,
				BAA6F0851FCBBED50021B04F /* SearchA2DMatrixTests.swift */,
				BAA6F0891FCBC74D0021B04F /* RemoveDuplicatesFromSortedArrayIITests.swift */,
				BAA6F08D1FCBCD2B0021B04F /* RemoveDuplicatesFromSortedListIITests.swift */,
				BAA6F0911FCBD4010021B04F /* RemoveDuplicatesFromSortedListTests.swift */,
				BAA6F0951FCBD72E0021B04F /* MergeSortedArrayTests.swift */,
				BAA6F0991FCBDA4E0021B04F /* GrayCodeTests.swift */,
				BAA6F09D1FCBDD460021B04F /* SameTreeTests.swift */,
				BA9697601FCC09E800C5FFDE /* SortColorsTests.swift */,
				BA1261751FCC70080044E9A8 /* BinaryTreeInorderTraversalTests.swift */,
				BA28EB531FCD5449007819DC /* UniqueBinarySearchTreesTests.swift */,
				BAEB1A791FCEA282007B4129 /* RotateImageTests.swift */,
				BA1780241FCFFE2F004293A6 /* ZigZagConversionTests.swift */,
				BAD517021FD411B900850531 /* ThreeSumTests.swift */,
				BAC8300A1FD53537005E345F /* GenerateParenthesesTests.swift */,
				BA5E0EDA1FD6599600089B61 /* PermutationsTests.swift */,
				BA13C7A71FD678A300EC7943 /* PermutationsIITests.swift */,
				BA8D362C1FD94DAC00073066 /* MergeTwoSortedListsTests.swift */,
				BADC96181FD968EF00B63351 /* RemoveNthNodeFromEndOfListTests.swift */,
				BAF97EAC1FDEBF2B0039845A /* SubsetsTests.swift */,
				BAF6C8081FE51BA700EF511A /* LongestPalindromicSubstringTests.swift */,
				BA8601B81FE91CE80025DAE3 /* MultiplyStringsTests.swift */,
				BAD4641F1FFE3C320064C399 /* JumpGameTests.swift */,
				BA843BDC1FFF4270004466FC /* CombinationsTests.swift */,
				BA7940E620008D6900C7D61F /* RestoreIPAddressesTests.swift */,
				BAD2ABFB2000AE7800D9D2C3 /* RotateListTests.swift */,
				BA631DCC2001EA4B00535183 /* PartitionListTests.swift */,
				BAC481EC2002082800639EB3 /* ReverseLinkedListIITests.swift */,
				BAF4C90B2002692E001892BD /* MergeIntervalsTests.swift */,
				BAAD3023200358E500FEF1F1 /* DecodeWaysTests.swift */,
				BA3A2D5820039B9100CE27F0 /* SubsetsIITests.swift */,
				BA3E703720047CDE000FA007 /* MaximumSubArrayTests.swift */,
				BAA4A9FA2004E9A200FEAD22 /* SearchInRotatedSortedArrayIITests.swift */,
				BA1E2B7C20061854006A35F0 /* DivideTwoIntegersTests.swift */,
				BAE30AF320079F6F008A98F3 /* ValidateBinarySearchTreeTests.swift */,
				BAECCDAD200B21040078B9F5 /* WordSearchTests.swift */,
				BABF42AD200B96EA00157FDE /* UniqueBinarySearchTreesIITests.swift */,
				BA9A05AE20108F460022E1CB /* ThreeSumClosestTests.swift */,
				BA5BB0A82011FFC7009931D0 /* LetterCombinationsOfAPhoneNumberTests.swift */,
				BA4D43ED20132F2100552440 /* FourSumTests.swift */,
				BAB0E3C520134AA60061805D /* IntegerToRomanTests.swift */,
				BA8A676F20146DA0009685E8 /* CombinationSumTests.swift */,
				BA5137D02014A724007FC700 /* CombinationSumIITests.swift */,
				BA6063242017490B008D67E2 /* NextPermutationTests.swift */,
				BA906DA5203441E40045612D /* MaximumDepthOfBinaryTreeTests.swift */,
				BA59915F20346A7F003A60A6 /* SingleNumberTests.swift */,
				BAEE748420349CE300B8416C /* PascalsTriangleTests.swift */,
				BA1D2D9A20355926009D67CD /* SymmetricTreeTests.swift */,
				BA71BFA620395E7200B7724A /* BinaryTreeLevelOrderTraversalTests.swift */,
				BA1C9460203B1AE5004081C6 /* BinaryTreeLevelOrderTraversalIITests.swift */,
				BA99D6C0203C5D0A00B1542F /* SingleNumberIITests.swift */,
				BAACED14203ED63A00D0D5B6 /* LinkedListCycleTests.swift */,
			);
			path = LeetCodeTests;
			sourceTree = "<group>";
		};
		D65A5D3D6E44E6EA1B45190D = {
			isa = PBXGroup;
			children = (
				D65A57623779EE6CD8005FEC /* LeetCode */,
				D65A5CF06754DAE6E61B01A9 /* LeetCodeTests */,
				BA1A136D201E25AA00F65CA2 /* LeetCode.app */,
				BA1A136E201E25AA00F65CA2 /* LeetCodeTests.xctest */,
			);
			sourceTree = "<group>";
		};
/* End PBXGroup section */

/* Begin PBXNativeTarget section */
		D65A55C0AB191F92E55E4CF0 /* LeetCodeTests */ = {
			isa = PBXNativeTarget;
			buildConfigurationList = D65A5DB28FB443266E3A0203 /* Build configuration list for PBXNativeTarget "LeetCodeTests" */;
			buildPhases = (
				D65A5BCB0E2AA5305C644186 /* Sources */,
				D65A5BFE794B679F5EABD3AB /* Frameworks */,
				D65A56E3CEB48E89AFE53D19 /* Resources */,
			);
			buildRules = (
			);
			dependencies = (
				D65A58796D17E8CE96607A86 /* PBXTargetDependency */,
			);
			name = LeetCodeTests;
			productName = LeetCodeTests;
			productReference = BA1A136E201E25AA00F65CA2 /* LeetCodeTests.xctest */;
			productType = "com.apple.product-type.bundle.unit-test";
		};
		D65A5F22E0316D34A900C47A /* LeetCode */ = {
			isa = PBXNativeTarget;
			buildConfigurationList = D65A5DF60E7975C90305E737 /* Build configuration list for PBXNativeTarget "LeetCode" */;
			buildPhases = (
				D65A5043B1C5E1471D7FA95C /* Sources */,
				D65A58EF8EB98838509B894C /* Frameworks */,
				D65A56BE7997A252D3CA7AB9 /* Resources */,
			);
			buildRules = (
			);
			dependencies = (
			);
			name = LeetCode;
			productName = LeetCode;
			productReference = BA1A136D201E25AA00F65CA2 /* LeetCode.app */;
			productType = "com.apple.product-type.application";
		};
/* End PBXNativeTarget section */

/* Begin PBXProject section */
		D65A55BB26F3D412703BCF03 /* Project object */ = {
			isa = PBXProject;
			attributes = {
				LastUpgradeCheck = 0930;
				ORGANIZATIONNAME = lizhaotailang;
				TargetAttributes = {
					D65A55C0AB191F92E55E4CF0 = {
						LastSwiftMigration = 0930;
					};
				};
			};
			buildConfigurationList = D65A5BBE42E7F4066A64DD62 /* Build configuration list for PBXProject "LeetCode" */;
			compatibilityVersion = "Xcode 3.2";
			developmentRegion = English;
			hasScannedForEncodings = 0;
			knownRegions = (
				en,
			);
			mainGroup = D65A5D3D6E44E6EA1B45190D;
			productRefGroup = D65A5D3D6E44E6EA1B45190D;
			projectDirPath = "";
			projectRoot = "";
			targets = (
				D65A5F22E0316D34A900C47A /* LeetCode */,
				D65A55C0AB191F92E55E4CF0 /* LeetCodeTests */,
			);
		};
/* End PBXProject section */

/* Begin PBXResourcesBuildPhase section */
		D65A56BE7997A252D3CA7AB9 /* Resources */ = {
			isa = PBXResourcesBuildPhase;
			buildActionMask = 2147483647;
			files = (
				D65A51746A077C5A25075447 /* Assets.xcassets in Resources */,
				D65A55706BBF670AC1159C89 /* LaunchScreen.storyboard in Resources */,
				D65A5A087B5516716644AFFB /* Main.storyboard in Resources */,
			);
			runOnlyForDeploymentPostprocessing = 0;
		};
		D65A56E3CEB48E89AFE53D19 /* Resources */ = {
			isa = PBXResourcesBuildPhase;
			buildActionMask = 2147483647;
			files = (
			);
			runOnlyForDeploymentPostprocessing = 0;
		};
/* End PBXResourcesBuildPhase section */

/* Begin PBXSourcesBuildPhase section */
		D65A5043B1C5E1471D7FA95C /* Sources */ = {
			isa = PBXSourcesBuildPhase;
			buildActionMask = 2147483647;
			files = (
				BA8A676E20146D92009685E8 /* CombinationSum.swift in Sources */,
				BA57E7001FCB050B0054C4A4 /* MinimumPathSum.swift in Sources */,
				BAA6F0941FCBD7260021B04F /* MergeSortedArray.swift in Sources */,
				BA97ED241FC99351000A3DFF /* RemoveDuplicatesFromSortedArray.swift in Sources */,
				BA57E6EC1FCAA8570054C4A4 /* SpiralMatrix.swift in Sources */,
				BA13C7A61FD6789600EC7943 /* PermutationsII.swift in Sources */,
				BA97ED071FC94DAD000A3DFF /* ContainerWithMostWater.swift in Sources */,
				BA97ED281FC998EB000A3DFF /* RemoveElement.swift in Sources */,
				BAD4641E1FFE3C210064C399 /* JumpGame.swift in Sources */,
				BA8D362B1FD94D9C00073066 /* MergeTwoSortedLists.swift in Sources */,
				BAEB1A781FCEA091007B4129 /* RotateImage.swift in Sources */,
				BAC481EB2002081B00639EB3 /* ReverseLinkedListII.swift in Sources */,
				BAF6C8071FE51B3900EF511A /* LongestPalindromicSubstring.swift in Sources */,
				BA57E6DC1FCA88850054C4A4 /* ValidSudoku.swift in Sources */,
				BAA6F0981FCBDA3D0021B04F /* GrayCode.swift in Sources */,
				BAECCDAC200B1B0E0078B9F5 /* WordSearch.swift in Sources */,
				BA606323201748FD008D67E2 /* NextPermutation.swift in Sources */,
				BA57E6F41FCAB2160054C4A4 /* SpiralMatrixII.swift in Sources */,
				BAD517011FD40AF500850531 /* ThreeSum.swift in Sources */,
				BA8601B71FE91CCA0025DAE3 /* MultiplyStrings.swift in Sources */,
				BA28EB521FCD53A4007819DC /* UniqueBinarySearchTrees.swift in Sources */,
				BA4D43EC20132F1400552440 /* FourSum.swift in Sources */,
				BA57E6F01FCAB04E0054C4A4 /* LengthOfLastWord.swift in Sources */,
				BA57E6E81FCAA4E10054C4A4 /* PowXN.swift in Sources */,
				D65A55B8CFB87D84BF07FFAD /* AppDelegate.swift in Sources */,
				BA57E6E41FCAA14F0054C4A4 /* GroupAnagrams.swift in Sources */,
				BADC96171FD968E100B63351 /* RemoveNthNodeFromEndOfList.swift in Sources */,
				BA57E6E01FCA9A510054C4A4 /* CountAndSay.swift in Sources */,
				D65A526B773D624EC371F97E /* ViewController.swift in Sources */,
				BA1E2B7B2006184B006A35F0 /* DivideTwoIntegers.swift in Sources */,
				BAA4A9F92004E99300FEAD22 /* SearchInRotatedSortedArrayII.swift in Sources */,
				BA96975F1FCC099B00C5FFDE /* SortColors.swift in Sources */,
				BAA6F0801FCBAEA30021B04F /* SetMatrixZeroes.swift in Sources */,
				BA97ED0F1FC95427000A3DFF /* LongestCommonPrefix.swift in Sources */,
				BAE30AF220079F5F008A98F3 /* ValidateBinarySearchTree.swift in Sources */,
				BA5BB0A72011FFB8009931D0 /* LetterCombinationsOfAPhoneNumber.swift in Sources */,
				BA5137CF2014A716007FC700 /* CombinationSumII.swift in Sources */,
				BA57E7041FCB0C7A0054C4A4 /* PlusOne.swift in Sources */,
				BA1780231FCFFE24004293A6 /* ZigZagConversion.swift in Sources */,
				BAA6F0881FCBC73C0021B04F /* RemoveDuplicatesFromSortedArrayII.swift in Sources */,
				BA99D6BF203C5C3400B1542F /* SingleNumberII.swift in Sources */,
				BA57E6FC1FCAB8E90054C4A4 /* UniquePathsII.swift in Sources */,
				BA71BFA520395E5D00B7724A /* BinaryTreeLevelOrderTraversal.swift in Sources */,
				BAA6F0901FCBD29E0021B04F /* RemoveDuplicatesFromSortedList.swift in Sources */,
				D65A54BA3D5747D8A739E9B1 /* SqrtX.swift in Sources */,
				BA97ED031FC94B2D000A3DFF /* PalindromeNumber.swift in Sources */,
				BA1261741FCC6E730044E9A8 /* BinaryTreeInorderTraversal.swift in Sources */,
				BAA6F08C1FCBCB9A0021B04F /* RemoveDuplicatesFromSortedListII.swift in Sources */,
				BA3A2D5720039B8400CE27F0 /* SubsetsII.swift in Sources */,
				BAC3504E1FC881DC00E35287 /* LongestSubstringWithoutRepeatingCharacters.swift in Sources */,
				BA97ED0B1FC9500C000A3DFF /* RomanToInteger.swift in Sources */,
				BAF97EAB1FDEBF1D0039845A /* Subsets.swift in Sources */,
				BA57E6D81FCA86450054C4A4 /* SearchInsertPosition.swift in Sources */,
				BA5E0ED91FD6598C00089B61 /* Permutations.swift in Sources */,
				BAC830091FD53312005E345F /* GenerateParentheses.swift in Sources */,
				BA1C945F203B1AC4004081C6 /* BinaryTreeLevelOrderTraversalII.swift in Sources */,
				BA3E703620047CCF000FA007 /* MaximumSubArray.swift in Sources */,
				BABF42AC200B96DB00157FDE /* UniqueBinarySearchTreesII.swift in Sources */,
				D65A55B0CDBE73018558E6CC /* SimplifyPath.swift in Sources */,
				BA57E7081FCB0F690054C4A4 /* AddBinary.swift in Sources */,
				BA1D2D9920355919009D67CD /* SymmetricTree.swift in Sources */,
				BA6C11B81FC86A5B008DACF9 /* AddTwoNumbers.swift in Sources */,
				BAD2ABFA2000AE6900D9D2C3 /* RotateList.swift in Sources */,
				BAACED13203ED62B00D0D5B6 /* LinkedListCycle.swift in Sources */,
				BA9A05AD20108E4A0022E1CB /* ThreeSumClosest.swift in Sources */,
				BA6C11B41FC86710008DACF9 /* TwoSum.swift in Sources */,
				BA97ED2C1FC99FA6000A3DFF /* ImplementStrStr.swift in Sources */,
				BAB0E3C420134A9D0061805D /* IntegerToRoman.swift in Sources */,
				BA57E6F81FCAB6D50054C4A4 /* UniquePaths.swift in Sources */,
				BA97ECFF1FC92A99000A3DFF /* StringToIntegerAtoi.swift in Sources */,
				BA59915E20346A6E003A60A6 /* SingleNumber.swift in Sources */,
				BA57E6D41FCA83C90054C4A4 /* SearchForARange.swift in Sources */,
				BAA6F0841FCBBECB0021B04F /* SearchA2DMatrix.swift in Sources */,
				BA631DCB2001EA3E00535183 /* PartitionList.swift in Sources */,
				D65A59EF31ABF547BC123B8C /* ClimbingStairs.swift in Sources */,
				BA57E6D01FCA80770054C4A4 /* SearchInRotatedSortedArray.swift in Sources */,
				BA97ED201FC99039000A3DFF /* ValidParentheses.swift in Sources */,
				BAF4C90A2002691C001892BD /* MergeIntervals.swift in Sources */,
				BA97ECFB1FC924AF000A3DFF /* ReverseInteger.swift in Sources */,
				BAA6F09C1FCBDC300021B04F /* SameTree.swift in Sources */,
				BA906DA2203441940045612D /* MaximumDepthOfBinaryTree.swift in Sources */,
				BA7940E520008D5900C7D61F /* RestoreIPAddresses.swift in Sources */,
				BAEE748320349CD200B8416C /* PascalsTriangle.swift in Sources */,
				BA843BDB1FFF425F004466FC /* Combinations.swift in Sources */,
				BAAD30222003572D00FEF1F1 /* DecodeWays.swift in Sources */,
			);
			runOnlyForDeploymentPostprocessing = 0;
		};
		D65A5BCB0E2AA5305C644186 /* Sources */ = {
			isa = PBXSourcesBuildPhase;
			buildActionMask = 2147483647;
			files = (
				BA5E0EDB1FD6599600089B61 /* PermutationsTests.swift in Sources */,
				BA97ED111FC95CE5000A3DFF /* LongestCommonPrefixTests.swift in Sources */,
				BA9697611FCC09E800C5FFDE /* SortColorsTests.swift in Sources */,
				BAA6F08A1FCBC74D0021B04F /* RemoveDuplicatesFromSortedArrayIITests.swift in Sources */,
				BAAD3024200358E500FEF1F1 /* DecodeWaysTests.swift in Sources */,
				BA5137D12014A724007FC700 /* CombinationSumIITests.swift in Sources */,
				BA57E6F61FCAB5000054C4A4 /* SpiralMatrixIITests.swift in Sources */,
				BA97ECFD1FC92847000A3DFF /* ReverseIntegerTests.swift in Sources */,
				BA57E6D21FCA82050054C4A4 /* SearchInRotatedSortedArrayTests.swift in Sources */,
				BAEE748520349CE300B8416C /* PascalsTriangleTests.swift in Sources */,
				BAC8300B1FD53537005E345F /* GenerateParenthesesTests.swift in Sources */,
				BAA6F09A1FCBDA4E0021B04F /* GrayCodeTests.swift in Sources */,
				BA6C11BA1FC86EB2008DACF9 /* AddTwoNumbersTests.swift in Sources */,
				BA843BDD1FFF4270004466FC /* CombinationsTests.swift in Sources */,
				BAD2ABFC2000AE7800D9D2C3 /* RotateListTests.swift in Sources */,
				BA1D2D9B20355926009D67CD /* SymmetricTreeTests.swift in Sources */,
				BA6063252017490B008D67E2 /* NextPermutationTests.swift in Sources */,
				BA57E6DA1FCA873C0054C4A4 /* SearchInsertPositionTests.swift in Sources */,
				BA3E703820047CDE000FA007 /* MaximumSubArrayTests.swift in Sources */,
				BA71BFA720395E7200B7724A /* BinaryTreeLevelOrderTraversalTests.swift in Sources */,
				BAB0E3C620134AA60061805D /* IntegerToRomanTests.swift in Sources */,
				BA59916020346A7F003A60A6 /* SingleNumberTests.swift in Sources */,
				BA1C9461203B1AE5004081C6 /* BinaryTreeLevelOrderTraversalIITests.swift in Sources */,
				BAE30AF420079F6F008A98F3 /* ValidateBinarySearchTreeTests.swift in Sources */,
				BAACED15203ED63A00D0D5B6 /* LinkedListCycleTests.swift in Sources */,
				BA4D43EE20132F2100552440 /* FourSumTests.swift in Sources */,
				BA1E2B7D20061854006A35F0 /* DivideTwoIntegersTests.swift in Sources */,
				BAF6C8091FE51BA700EF511A /* LongestPalindromicSubstringTests.swift in Sources */,
				BAF4C90C2002692E001892BD /* MergeIntervalsTests.swift in Sources */,
				BA57E7061FCB0DF50054C4A4 /* PlusOneTests.swift in Sources */,
				BA57E7021FCB083E0054C4A4 /* MinimumPathSumTests.swift in Sources */,
				BA97ED011FC93C65000A3DFF /* StringToIntegerAtoiTests.swift in Sources */,
				BAD464201FFE3C320064C399 /* JumpGameTests.swift in Sources */,
				BA57E6DE1FCA8D610054C4A4 /* ValidSudokuTests.swift in Sources */,
				BAEB1A7A1FCEA282007B4129 /* RotateImageTests.swift in Sources */,
				BA57E6E61FCAA1580054C4A4 /* GroupAnagramsTests.swift in Sources */,
				BAC350501FC88C5E00E35287 /* LongestSubstringWithoutRepeatingCharactersTests.swift in Sources */,
				BA3A2D5920039B9100CE27F0 /* SubsetsIITests.swift in Sources */,
				BADC96191FD968EF00B63351 /* RemoveNthNodeFromEndOfListTests.swift in Sources */,
				BAA6F09E1FCBDD460021B04F /* SameTreeTests.swift in Sources */,
				BA8A677020146DA0009685E8 /* CombinationSumTests.swift in Sources */,
				BAA6F0821FCBAEB10021B04F /* SetMatrixZeroesTests.swift in Sources */,
				BA57E6FA1FCAB8030054C4A4 /* UniquePathsTests.swift in Sources */,
				BAA4A9FB2004E9A200FEAD22 /* SearchInRotatedSortedArrayIITests.swift in Sources */,
				BA8601B91FE91CE80025DAE3 /* MultiplyStringsTests.swift in Sources */,
				BA57E6EA1FCAA56B0054C4A4 /* PowXNTests.swift in Sources */,
				BA631DCD2001EA4B00535183 /* PartitionListTests.swift in Sources */,
				BA57E6D61FCA85100054C4A4 /* SearchForARangeTests.swift in Sources */,
				BA57E70A1FCB12CB0054C4A4 /* AddBinaryTests.swift in Sources */,
				BA97ED0D1FC952EA000A3DFF /* RomanToIntegerTests.swift in Sources */,
				BAA6F08E1FCBCD2B0021B04F /* RemoveDuplicatesFromSortedListIITests.swift in Sources */,
				BA57E6EE1FCAAD480054C4A4 /* SpiralMatrixTests.swift in Sources */,
				BA57E6F21FCAB0EE0054C4A4 /* LengthOfLastWordTests.swift in Sources */,
				BA97ED221FC991FA000A3DFF /* ValidParenthesesTests.swift in Sources */,
				BA97ED2E1FC99FB1000A3DFF /* ImplementStrStrTests.swift in Sources */,
				BAECCDAE200B21040078B9F5 /* WordSearchTests.swift in Sources */,
				BA7940E720008D6900C7D61F /* RestoreIPAddressesTests.swift in Sources */,
				BA57E6E21FCA9AEB0054C4A4 /* CountAndSayTests.swift in Sources */,
				BA1780251FCFFE2F004293A6 /* ZigZagConversionTests.swift in Sources */,
				BAC481ED2002082800639EB3 /* ReverseLinkedListIITests.swift in Sources */,
				BA9A05AF20108F460022E1CB /* ThreeSumClosestTests.swift in Sources */,
				D65A505D2258A3E94C43E65A /* SqrtXTests.swift in Sources */,
				BA97ED091FC94E9E000A3DFF /* ContainerWithMostWaterTests.swift in Sources */,
				D65A535C30EC757CB86F02F5 /* SimplifyPathTests.swift in Sources */,
				BAF97EAD1FDEBF2B0039845A /* SubsetsTests.swift in Sources */,
				BA8D362D1FD94DAC00073066 /* MergeTwoSortedListsTests.swift in Sources */,
				D65A5E8086417B191C25B76C /* ClimbingStairsTests.swift in Sources */,
				BA28EB541FCD5449007819DC /* UniqueBinarySearchTreesTests.swift in Sources */,
				BA6C11B61FC8689C008DACF9 /* TwoSumTests.swift in Sources */,
				BAA6F0961FCBD72E0021B04F /* MergeSortedArrayTests.swift in Sources */,
				BA13C7A81FD678A300EC7943 /* PermutationsIITests.swift in Sources */,
				BAD517031FD411B900850531 /* ThreeSumTests.swift in Sources */,
				BA5BB0A92011FFC7009931D0 /* LetterCombinationsOfAPhoneNumberTests.swift in Sources */,
				BA57E6FE1FCABAE30054C4A4 /* UniquePathsIITests.swift in Sources */,
				BAA6F0861FCBBED50021B04F /* SearchA2DMatrixTests.swift in Sources */,
				BA99D6C1203C5D0A00B1542F /* SingleNumberIITests.swift in Sources */,
				BABF42AE200B96EA00157FDE /* UniqueBinarySearchTreesIITests.swift in Sources */,
				BA97ED261FC99393000A3DFF /* RemoveDuplicatesFromSortedArrayTests.swift in Sources */,
				BAA6F0921FCBD4010021B04F /* RemoveDuplicatesFromSortedListTests.swift in Sources */,
				BA1261761FCC70080044E9A8 /* BinaryTreeInorderTraversalTests.swift in Sources */,
				BA97ED2A1FC998F5000A3DFF /* RemoveElementTests.swift in Sources */,
				BA906DA6203441E40045612D /* MaximumDepthOfBinaryTreeTests.swift in Sources */,
				BA97ED051FC94C07000A3DFF /* PalindromeNumberTests.swift in Sources */,
			);
			runOnlyForDeploymentPostprocessing = 0;
		};
/* End PBXSourcesBuildPhase section */

/* Begin PBXTargetDependency section */
		D65A58796D17E8CE96607A86 /* PBXTargetDependency */ = {
			isa = PBXTargetDependency;
			target = D65A5F22E0316D34A900C47A /* LeetCode */;
			targetProxy = D65A569CF561A4164269ED7B /* PBXContainerItemProxy */;
		};
/* End PBXTargetDependency section */

/* Begin PBXVariantGroup section */
		D65A502F05E9E9CDD3E1286B /* Main.storyboard */ = {
			isa = PBXVariantGroup;
			children = (
				D65A5D6ED944EBE304B2153C /* Base */,
			);
			name = Main.storyboard;
			sourceTree = "<group>";
		};
		D65A5F94781A588E05C902C6 /* LaunchScreen.storyboard */ = {
			isa = PBXVariantGroup;
			children = (
				D65A586087659F02390C1217 /* Base */,
			);
			name = LaunchScreen.storyboard;
			sourceTree = "<group>";
		};
/* End PBXVariantGroup section */

/* Begin XCBuildConfiguration section */
		D65A5228004320BDC20DD5F0 /* Debug */ = {
			isa = XCBuildConfiguration;
			buildSettings = {
				ASSETCATALOG_COMPILER_APPICON_NAME = AppIcon;
				CLANG_ENABLE_OBJC_WEAK = YES;
				INFOPLIST_FILE = LeetCode/Info.plist;
				LD_RUNPATH_SEARCH_PATHS = "$(inherited) @executable_path/Frameworks";
				PRODUCT_BUNDLE_IDENTIFIER = io.github.tonnyl.LeetCode;
				PRODUCT_NAME = "$(TARGET_NAME)";
				SWIFT_VERSION = 4.0;
				TARGETED_DEVICE_FAMILY = "1,2";
			};
			name = Debug;
		};
		D65A570F124905B8779A7DE7 /* Release */ = {
			isa = XCBuildConfiguration;
			buildSettings = {
				ALWAYS_SEARCH_USER_PATHS = NO;
				CLANG_ANALYZER_NONNULL = YES;
				CLANG_ANALYZER_NUMBER_OBJECT_CONVERSION = YES_AGGRESSIVE;
				CLANG_CXX_LANGUAGE_STANDARD = "gnu++14";
				CLANG_CXX_LIBRARY = "libc++";
				CLANG_ENABLE_MODULES = YES;
				CLANG_ENABLE_OBJC_ARC = YES;
				CLANG_WARN_BLOCK_CAPTURE_AUTORELEASING = YES;
				CLANG_WARN_BOOL_CONVERSION = YES;
				CLANG_WARN_COMMA = YES;
				CLANG_WARN_CONSTANT_CONVERSION = YES;
				CLANG_WARN_DEPRECATED_OBJC_IMPLEMENTATIONS = YES;
				CLANG_WARN_DIRECT_OBJC_ISA_USAGE = YES_ERROR;
				CLANG_WARN_DOCUMENTATION_COMMENTS = YES;
				CLANG_WARN_EMPTY_BODY = YES;
				CLANG_WARN_ENUM_CONVERSION = YES;
				CLANG_WARN_INFINITE_RECURSION = YES;
				CLANG_WARN_INT_CONVERSION = YES;
				CLANG_WARN_NON_LITERAL_NULL_CONVERSION = YES;
				CLANG_WARN_OBJC_IMPLICIT_RETAIN_SELF = YES;
				CLANG_WARN_OBJC_LITERAL_CONVERSION = YES;
				CLANG_WARN_OBJC_ROOT_CLASS = YES_ERROR;
				CLANG_WARN_RANGE_LOOP_ANALYSIS = YES;
				CLANG_WARN_STRICT_PROTOTYPES = YES;
				CLANG_WARN_SUSPICIOUS_MOVE = YES;
				CLANG_WARN_UNGUARDED_AVAILABILITY = YES_AGGRESSIVE;
				CLANG_WARN_UNREACHABLE_CODE = YES;
				CLANG_WARN__DUPLICATE_METHOD_MATCH = YES;
				CODE_SIGN_IDENTITY = "iPhone Developer";
				COPY_PHASE_STRIP = NO;
				DEBUG_INFORMATION_FORMAT = "dwarf-with-dsym";
				ENABLE_NS_ASSERTIONS = NO;
				ENABLE_STRICT_OBJC_MSGSEND = YES;
				GCC_C_LANGUAGE_STANDARD = gnu11;
				GCC_NO_COMMON_BLOCKS = YES;
				GCC_WARN_64_TO_32_BIT_CONVERSION = YES;
				GCC_WARN_ABOUT_RETURN_TYPE = YES_ERROR;
				GCC_WARN_UNDECLARED_SELECTOR = YES;
				GCC_WARN_UNINITIALIZED_AUTOS = YES_AGGRESSIVE;
				GCC_WARN_UNUSED_FUNCTION = YES;
				GCC_WARN_UNUSED_VARIABLE = YES;
				IPHONEOS_DEPLOYMENT_TARGET = 11.1;
				MTL_ENABLE_DEBUG_INFO = NO;
				SDKROOT = iphoneos;
				SWIFT_OPTIMIZATION_LEVEL = "-Owholemodule";
				TREAT_MISSING_BASELINES_AS_TEST_FAILURES = YES;
				VALIDATE_PRODUCT = YES;
			};
			name = Release;
		};
		D65A587CD184FEA528F5FE85 /* Release */ = {
			isa = XCBuildConfiguration;
			buildSettings = {
				ASSETCATALOG_COMPILER_APPICON_NAME = AppIcon;
				CLANG_ENABLE_OBJC_WEAK = YES;
				INFOPLIST_FILE = LeetCode/Info.plist;
				LD_RUNPATH_SEARCH_PATHS = "$(inherited) @executable_path/Frameworks";
				PRODUCT_BUNDLE_IDENTIFIER = io.github.tonnyl.LeetCode;
				PRODUCT_NAME = "$(TARGET_NAME)";
				SWIFT_VERSION = 4.0;
				TARGETED_DEVICE_FAMILY = "1,2";
			};
			name = Release;
		};
		D65A58AC4AEF2599815E5250 /* Debug */ = {
			isa = XCBuildConfiguration;
			buildSettings = {
				BUNDLE_LOADER = "$(BUILT_PRODUCTS_DIR)/LeetCode.app/LeetCode";
				CLANG_ENABLE_MODULES = YES;
				CLANG_ENABLE_OBJC_WEAK = YES;
				INFOPLIST_FILE = LeetCodeTests/Info.plist;
				LD_RUNPATH_SEARCH_PATHS = "$(inherited) @executable_path/Frameworks @loader_path/Frameworks";
				PRODUCT_BUNDLE_IDENTIFIER = io.github.tonnyl.LeetCodeTests;
				PRODUCT_NAME = "$(TARGET_NAME)";
				SWIFT_OPTIMIZATION_LEVEL = "-Onone";
				SWIFT_VERSION = 4.0;
				TARGETED_DEVICE_FAMILY = "1,2";
				TEST_HOST = "$(BUNDLE_LOADER)";
			};
			name = Debug;
		};
		D65A5C078673B926EF83546F /* Release */ = {
			isa = XCBuildConfiguration;
			buildSettings = {
				BUNDLE_LOADER = "$(BUILT_PRODUCTS_DIR)/LeetCode.app/LeetCode";
				CLANG_ENABLE_MODULES = YES;
				CLANG_ENABLE_OBJC_WEAK = YES;
				INFOPLIST_FILE = LeetCodeTests/Info.plist;
				LD_RUNPATH_SEARCH_PATHS = "$(inherited) @executable_path/Frameworks @loader_path/Frameworks";
				PRODUCT_BUNDLE_IDENTIFIER = io.github.tonnyl.LeetCodeTests;
				PRODUCT_NAME = "$(TARGET_NAME)";
				SWIFT_VERSION = 4.0;
				TARGETED_DEVICE_FAMILY = "1,2";
				TEST_HOST = "$(BUNDLE_LOADER)";
			};
			name = Release;
		};
		D65A5C93B07A35B85A230A3D /* Debug */ = {
			isa = XCBuildConfiguration;
			buildSettings = {
				ALWAYS_SEARCH_USER_PATHS = NO;
				CLANG_ANALYZER_NONNULL = YES;
				CLANG_ANALYZER_NUMBER_OBJECT_CONVERSION = YES_AGGRESSIVE;
				CLANG_CXX_LANGUAGE_STANDARD = "gnu++14";
				CLANG_CXX_LIBRARY = "libc++";
				CLANG_ENABLE_MODULES = YES;
				CLANG_ENABLE_OBJC_ARC = YES;
				CLANG_WARN_BLOCK_CAPTURE_AUTORELEASING = YES;
				CLANG_WARN_BOOL_CONVERSION = YES;
				CLANG_WARN_COMMA = YES;
				CLANG_WARN_CONSTANT_CONVERSION = YES;
				CLANG_WARN_DEPRECATED_OBJC_IMPLEMENTATIONS = YES;
				CLANG_WARN_DIRECT_OBJC_ISA_USAGE = YES_ERROR;
				CLANG_WARN_DOCUMENTATION_COMMENTS = YES;
				CLANG_WARN_EMPTY_BODY = YES;
				CLANG_WARN_ENUM_CONVERSION = YES;
				CLANG_WARN_INFINITE_RECURSION = YES;
				CLANG_WARN_INT_CONVERSION = YES;
				CLANG_WARN_NON_LITERAL_NULL_CONVERSION = YES;
				CLANG_WARN_OBJC_IMPLICIT_RETAIN_SELF = YES;
				CLANG_WARN_OBJC_LITERAL_CONVERSION = YES;
				CLANG_WARN_OBJC_ROOT_CLASS = YES_ERROR;
				CLANG_WARN_RANGE_LOOP_ANALYSIS = YES;
				CLANG_WARN_STRICT_PROTOTYPES = YES;
				CLANG_WARN_SUSPICIOUS_MOVE = YES;
				CLANG_WARN_UNGUARDED_AVAILABILITY = YES_AGGRESSIVE;
				CLANG_WARN_UNREACHABLE_CODE = YES;
				CLANG_WARN__DUPLICATE_METHOD_MATCH = YES;
				CODE_SIGN_IDENTITY = "iPhone Developer";
				COPY_PHASE_STRIP = NO;
				DEBUG_INFORMATION_FORMAT = dwarf;
				ENABLE_STRICT_OBJC_MSGSEND = YES;
				ENABLE_TESTABILITY = YES;
				GCC_C_LANGUAGE_STANDARD = gnu11;
				GCC_DYNAMIC_NO_PIC = NO;
				GCC_NO_COMMON_BLOCKS = YES;
				GCC_OPTIMIZATION_LEVEL = 0;
				GCC_PREPROCESSOR_DEFINITIONS = (
					"DEBUG=1",
					"$(inherited)",
				);
				GCC_WARN_64_TO_32_BIT_CONVERSION = YES;
				GCC_WARN_ABOUT_RETURN_TYPE = YES_ERROR;
				GCC_WARN_UNDECLARED_SELECTOR = YES;
				GCC_WARN_UNINITIALIZED_AUTOS = YES_AGGRESSIVE;
				GCC_WARN_UNUSED_FUNCTION = YES;
				GCC_WARN_UNUSED_VARIABLE = YES;
				IPHONEOS_DEPLOYMENT_TARGET = 11.1;
				MTL_ENABLE_DEBUG_INFO = YES;
				ONLY_ACTIVE_ARCH = YES;
				SDKROOT = iphoneos;
				SWIFT_ACTIVE_COMPILATION_CONDITIONS = DEBUG;
				SWIFT_OPTIMIZATION_LEVEL = "-Onone";
				TREAT_MISSING_BASELINES_AS_TEST_FAILURES = YES;
			};
			name = Debug;
		};
/* End XCBuildConfiguration section */

/* Begin XCConfigurationList section */
		D65A5BBE42E7F4066A64DD62 /* Build configuration list for PBXProject "LeetCode" */ = {
			isa = XCConfigurationList;
			buildConfigurations = (
				D65A5C93B07A35B85A230A3D /* Debug */,
				D65A570F124905B8779A7DE7 /* Release */,
			);
			defaultConfigurationIsVisible = 0;
			defaultConfigurationName = Release;
		};
		D65A5DB28FB443266E3A0203 /* Build configuration list for PBXNativeTarget "LeetCodeTests" */ = {
			isa = XCConfigurationList;
			buildConfigurations = (
				D65A58AC4AEF2599815E5250 /* Debug */,
				D65A5C078673B926EF83546F /* Release */,
			);
			defaultConfigurationIsVisible = 0;
			defaultConfigurationName = Release;
		};
		D65A5DF60E7975C90305E737 /* Build configuration list for PBXNativeTarget "LeetCode" */ = {
			isa = XCConfigurationList;
			buildConfigurations = (
				D65A5228004320BDC20DD5F0 /* Debug */,
				D65A587CD184FEA528F5FE85 /* Release */,
			);
			defaultConfigurationIsVisible = 0;
			defaultConfigurationName = Release;
		};
/* End XCConfigurationList section */
	};
	rootObject = D65A55BB26F3D412703BCF03 /* Project object */;
}
